// !$*UTF8*$!
{
	archiveVersion = 1;
	classes = {
	};
	objectVersion = 46;
	objects = {

/* Begin PBXBuildFile section */
		4A2687D11BBBDE8D00C1260D /* PreferenceViewController.m in Sources */ = {isa = PBXBuildFile; fileRef = 4A2687D01BBBDE8D00C1260D /* PreferenceViewController.m */; };
		4A2687D71BBBE65400C1260D /* basket.jpg in Resources */ = {isa = PBXBuildFile; fileRef = 4A2687D21BBBE65400C1260D /* basket.jpg */; };
		4A2687D81BBBE65400C1260D /* cosmetics.jpg in Resources */ = {isa = PBXBuildFile; fileRef = 4A2687D31BBBE65400C1260D /* cosmetics.jpg */; };
		4A2687D91BBBE65400C1260D /* furniture.jpg in Resources */ = {isa = PBXBuildFile; fileRef = 4A2687D41BBBE65400C1260D /* furniture.jpg */; };
		4A2687DA1BBBE65400C1260D /* health_products.jpg in Resources */ = {isa = PBXBuildFile; fileRef = 4A2687D51BBBE65400C1260D /* health_products.jpg */; };
		4A2687DB1BBBE65400C1260D /* home_appliances.jpg in Resources */ = {isa = PBXBuildFile; fileRef = 4A2687D61BBBE65400C1260D /* home_appliances.jpg */; };
		4A2687DD1BBBE7E600C1260D /* wallpaper5.jpg in Resources */ = {isa = PBXBuildFile; fileRef = 4A2687DC1BBBE7E600C1260D /* wallpaper5.jpg */; };
		4A6359EA1BBA998E00C164CD /* main.m in Sources */ = {isa = PBXBuildFile; fileRef = 4A6359E91BBA998E00C164CD /* main.m */; };
		4A6359ED1BBA998E00C164CD /* AppDelegate.m in Sources */ = {isa = PBXBuildFile; fileRef = 4A6359EC1BBA998E00C164CD /* AppDelegate.m */; };
		4A6359F01BBA998E00C164CD /* FirstViewController.m in Sources */ = {isa = PBXBuildFile; fileRef = 4A6359EF1BBA998E00C164CD /* FirstViewController.m */; };
		4A6359F31BBA998E00C164CD /* SecondViewController.m in Sources */ = {isa = PBXBuildFile; fileRef = 4A6359F21BBA998E00C164CD /* SecondViewController.m */; };
		4A6359F61BBA998E00C164CD /* Main.storyboard in Resources */ = {isa = PBXBuildFile; fileRef = 4A6359F41BBA998E00C164CD /* Main.storyboard */; };
		4A6359F81BBA998E00C164CD /* Images.xcassets in Resources */ = {isa = PBXBuildFile; fileRef = 4A6359F71BBA998E00C164CD /* Images.xcassets */; };
		4A6359FB1BBA998E00C164CD /* LaunchScreen.xib in Resources */ = {isa = PBXBuildFile; fileRef = 4A6359F91BBA998E00C164CD /* LaunchScreen.xib */; };
		4A635A071BBA998E00C164CD /* level4assignment2_tabBarApplication_Tests.m in Sources */ = {isa = PBXBuildFile; fileRef = 4A635A061BBA998E00C164CD /* level4assignment2_tabBarApplication_Tests.m */; };
		4A635A121BBA9D3800C164CD /* ThirdViewController.m in Sources */ = {isa = PBXBuildFile; fileRef = 4A635A111BBA9D3800C164CD /* ThirdViewController.m */; };
		4A635A171BBA9ECA00C164CD /* image-1.jpeg in Resources */ = {isa = PBXBuildFile; fileRef = 4A635A131BBA9ECA00C164CD /* image-1.jpeg */; };
		4A635A181BBA9ECA00C164CD /* image-2.jpeg in Resources */ = {isa = PBXBuildFile; fileRef = 4A635A141BBA9ECA00C164CD /* image-2.jpeg */; };
		4A635A191BBA9ECA00C164CD /* image-3.jpeg in Resources */ = {isa = PBXBuildFile; fileRef = 4A635A151BBA9ECA00C164CD /* image-3.jpeg */; };
		4A635A1A1BBA9ECA00C164CD /* image-4.jpeg in Resources */ = {isa = PBXBuildFile; fileRef = 4A635A161BBA9ECA00C164CD /* image-4.jpeg */; };
		4A635A231BBAB98C00C164CD /* FirstTableViewCell.m in Sources */ = {isa = PBXBuildFile; fileRef = 4A635A221BBAB98C00C164CD /* FirstTableViewCell.m */; };
/* End PBXBuildFile section */

/* Begin PBXContainerItemProxy section */
		4A635A011BBA998E00C164CD /* PBXContainerItemProxy */ = {
			isa = PBXContainerItemProxy;
			containerPortal = 4A6359DC1BBA998E00C164CD /* Project object */;
			proxyType = 1;
			remoteGlobalIDString = 4A6359E31BBA998E00C164CD;
			remoteInfo = "level4assignment2(tabBarApplication)";
		};
/* End PBXContainerItemProxy section */

/* Begin PBXFileReference section */
		4A2687CF1BBBDE8D00C1260D /* PreferenceViewController.h */ = {isa = PBXFileReference; fileEncoding = 4; lastKnownFileType = sourcecode.c.h; path = PreferenceViewController.h; sourceTree = "<group>"; };
		4A2687D01BBBDE8D00C1260D /* PreferenceViewController.m */ = {isa = PBXFileReference; fileEncoding = 4; lastKnownFileType = sourcecode.c.objc; path = PreferenceViewController.m; sourceTree = "<group>"; };
		4A2687D21BBBE65400C1260D /* basket.jpg */ = {isa = PBXFileReference; lastKnownFileType = image.jpeg; path = basket.jpg; sourceTree = "<group>"; };
		4A2687D31BBBE65400C1260D /* cosmetics.jpg */ = {isa = PBXFileReference; lastKnownFileType = image.jpeg; path = cosmetics.jpg; sourceTree = "<group>"; };
		4A2687D41BBBE65400C1260D /* furniture.jpg */ = {isa = PBXFileReference; lastKnownFileType = image.jpeg; path = furniture.jpg; sourceTree = "<group>"; };
		4A2687D51BBBE65400C1260D /* health_products.jpg */ = {isa = PBXFileReference; lastKnownFileType = image.jpeg; path = health_products.jpg; sourceTree = "<group>"; };
		4A2687D61BBBE65400C1260D /* home_appliances.jpg */ = {isa = PBXFileReference; lastKnownFileType = image.jpeg; path = home_appliances.jpg; sourceTree = "<group>"; };
		4A2687DC1BBBE7E600C1260D /* wallpaper5.jpg */ = {isa = PBXFileReference; lastKnownFileType = image.jpeg; path = wallpaper5.jpg; sourceTree = "<group>"; };
		4A6359E41BBA998E00C164CD /* level4assignment2(tabBarApplication).app */ = {isa = PBXFileReference; explicitFileType = wrapper.application; includeInIndex = 0; path = "level4assignment2(tabBarApplication).app"; sourceTree = BUILT_PRODUCTS_DIR; };
		4A6359E81BBA998E00C164CD /* Info.plist */ = {isa = PBXFileReference; lastKnownFileType = text.plist.xml; path = Info.plist; sourceTree = "<group>"; };
		4A6359E91BBA998E00C164CD /* main.m */ = {isa = PBXFileReference; lastKnownFileType = sourcecode.c.objc; path = main.m; sourceTree = "<group>"; };
		4A6359EB1BBA998E00C164CD /* AppDelegate.h */ = {isa = PBXFileReference; lastKnownFileType = sourcecode.c.h; path = AppDelegate.h; sourceTree = "<group>"; };
		4A6359EC1BBA998E00C164CD /* AppDelegate.m */ = {isa = PBXFileReference; lastKnownFileType = sourcecode.c.objc; path = AppDelegate.m; sourceTree = "<group>"; };
		4A6359EE1BBA998E00C164CD /* FirstViewController.h */ = {isa = PBXFileReference; lastKnownFileType = sourcecode.c.h; path = FirstViewController.h; sourceTree = "<group>"; };
		4A6359EF1BBA998E00C164CD /* FirstViewController.m */ = {isa = PBXFileReference; lastKnownFileType = sourcecode.c.objc; path = FirstViewController.m; sourceTree = "<group>"; };
		4A6359F11BBA998E00C164CD /* SecondViewController.h */ = {isa = PBXFileReference; lastKnownFileType = sourcecode.c.h; path = SecondViewController.h; sourceTree = "<group>"; };
		4A6359F21BBA998E00C164CD /* SecondViewController.m */ = {isa = PBXFileReference; lastKnownFileType = sourcecode.c.objc; path = SecondViewController.m; sourceTree = "<group>"; };
		4A6359F51BBA998E00C164CD /* Base */ = {isa = PBXFileReference; lastKnownFileType = file.storyboard; name = Base; path = Base.lproj/Main.storyboard; sourceTree = "<group>"; };
		4A6359F71BBA998E00C164CD /* Images.xcassets */ = {isa = PBXFileReference; lastKnownFileType = folder.assetcatalog; path = Images.xcassets; sourceTree = "<group>"; };
		4A6359FA1BBA998E00C164CD /* Base */ = {isa = PBXFileReference; lastKnownFileType = file.xib; name = Base; path = Base.lproj/LaunchScreen.xib; sourceTree = "<group>"; };
		4A635A001BBA998E00C164CD /* level4assignment2(tabBarApplication)Tests.xctest */ = {isa = PBXFileReference; explicitFileType = wrapper.cfbundle; includeInIndex = 0; path = "level4assignment2(tabBarApplication)Tests.xctest"; sourceTree = BUILT_PRODUCTS_DIR; };
		4A635A051BBA998E00C164CD /* Info.plist */ = {isa = PBXFileReference; lastKnownFileType = text.plist.xml; path = Info.plist; sourceTree = "<group>"; };
		4A635A061BBA998E00C164CD /* level4assignment2_tabBarApplication_Tests.m */ = {isa = PBXFileReference; lastKnownFileType = sourcecode.c.objc; path = level4assignment2_tabBarApplication_Tests.m; sourceTree = "<group>"; };
		4A635A101BBA9D3800C164CD /* ThirdViewController.h */ = {isa = PBXFileReference; fileEncoding = 4; lastKnownFileType = sourcecode.c.h; path = ThirdViewController.h; sourceTree = "<group>"; };
		4A635A111BBA9D3800C164CD /* ThirdViewController.m */ = {isa = PBXFileReference; fileEncoding = 4; lastKnownFileType = sourcecode.c.objc; path = ThirdViewController.m; sourceTree = "<group>"; };
		4A635A131BBA9ECA00C164CD /* image-1.jpeg */ = {isa = PBXFileReference; lastKnownFileType = image.jpeg; path = "image-1.jpeg"; sourceTree = "<group>"; };
		4A635A141BBA9ECA00C164CD /* image-2.jpeg */ = {isa = PBXFileReference; lastKnownFileType = image.jpeg; path = "image-2.jpeg"; sourceTree = "<group>"; };
		4A635A151BBA9ECA00C164CD /* image-3.jpeg */ = {isa = PBXFileReference; lastKnownFileType = image.jpeg; path = "image-3.jpeg"; sourceTree = "<group>"; };
		4A635A161BBA9ECA00C164CD /* image-4.jpeg */ = {isa = PBXFileReference; lastKnownFileType = image.jpeg; path = "image-4.jpeg"; sourceTree = "<group>"; };
		4A635A211BBAB98C00C164CD /* FirstTableViewCell.h */ = {isa = PBXFileReference; fileEncoding = 4; lastKnownFileType = sourcecode.c.h; path = FirstTableViewCell.h; sourceTree = "<group>"; };
		4A635A221BBAB98C00C164CD /* FirstTableViewCell.m */ = {isa = PBXFileReference; fileEncoding = 4; lastKnownFileType = sourcecode.c.objc; path = FirstTableViewCell.m; sourceTree = "<group>"; };
/* End PBXFileReference section */

/* Begin PBXFrameworksBuildPhase section */
		4A6359E11BBA998E00C164CD /* Frameworks */ = {
			isa = PBXFrameworksBuildPhase;
			buildActionMask = 2147483647;
			files = (
			);
			runOnlyForDeploymentPostprocessing = 0;
		};
		4A6359FD1BBA998E00C164CD /* Frameworks */ = {
			isa = PBXFrameworksBuildPhase;
			buildActionMask = 2147483647;
			files = (
			);
			runOnlyForDeploymentPostprocessing = 0;
		};
/* End PBXFrameworksBuildPhase section */

/* Begin PBXGroup section */
		4A6359DB1BBA998E00C164CD = {
			isa = PBXGroup;
			children = (
				4A2687CF1BBBDE8D00C1260D /* PreferenceViewController.h */,
				4A2687D01BBBDE8D00C1260D /* PreferenceViewController.m */,
				4A6359E61BBA998E00C164CD /* level4assignment2(tabBarApplication) */,
				4A635A031BBA998E00C164CD /* level4assignment2(tabBarApplication)Tests */,
				4A6359E51BBA998E00C164CD /* Products */,
			);
			sourceTree = "<group>";
		};
		4A6359E51BBA998E00C164CD /* Products */ = {
			isa = PBXGroup;
			children = (
				4A6359E41BBA998E00C164CD /* level4assignment2(tabBarApplication).app */,
				4A635A001BBA998E00C164CD /* level4assignment2(tabBarApplication)Tests.xctest */,
			);
			name = Products;
			sourceTree = "<group>";
		};
		4A6359E61BBA998E00C164CD /* level4assignment2(tabBarApplication) */ = {
			isa = PBXGroup;
			children = (
				4A6359EB1BBA998E00C164CD /* AppDelegate.h */,
				4A6359EC1BBA998E00C164CD /* AppDelegate.m */,
				4A6359EE1BBA998E00C164CD /* FirstViewController.h */,
				4A6359EF1BBA998E00C164CD /* FirstViewController.m */,
				4A635A211BBAB98C00C164CD /* FirstTableViewCell.h */,
				4A635A221BBAB98C00C164CD /* FirstTableViewCell.m */,
				4A6359F11BBA998E00C164CD /* SecondViewController.h */,
				4A6359F21BBA998E00C164CD /* SecondViewController.m */,
				4A6359F41BBA998E00C164CD /* Main.storyboard */,
				4A635A101BBA9D3800C164CD /* ThirdViewController.h */,
				4A635A111BBA9D3800C164CD /* ThirdViewController.m */,
				4A6359F71BBA998E00C164CD /* Images.xcassets */,
				4A6359F91BBA998E00C164CD /* LaunchScreen.xib */,
				4A6359E71BBA998E00C164CD /* Supporting Files */,
			);
			path = "level4assignment2(tabBarApplication)";
			sourceTree = "<group>";
		};
		4A6359E71BBA998E00C164CD /* Supporting Files */ = {
			isa = PBXGroup;
			children = (
				4A2687DC1BBBE7E600C1260D /* wallpaper5.jpg */,
				4A2687D21BBBE65400C1260D /* basket.jpg */,
				4A2687D31BBBE65400C1260D /* cosmetics.jpg */,
				4A2687D41BBBE65400C1260D /* furniture.jpg */,
				4A2687D51BBBE65400C1260D /* health_products.jpg */,
				4A2687D61BBBE65400C1260D /* home_appliances.jpg */,
				4A635A131BBA9ECA00C164CD /* image-1.jpeg */,
				4A635A141BBA9ECA00C164CD /* image-2.jpeg */,
				4A635A151BBA9ECA00C164CD /* image-3.jpeg */,
				4A635A161BBA9ECA00C164CD /* image-4.jpeg */,
				4A6359E81BBA998E00C164CD /* Info.plist */,
				4A6359E91BBA998E00C164CD /* main.m */,
			);
			name = "Supporting Files";
			sourceTree = "<group>";
		};
		4A635A031BBA998E00C164CD /* level4assignment2(tabBarApplication)Tests */ = {
			isa = PBXGroup;
			children = (
				4A635A061BBA998E00C164CD /* level4assignment2_tabBarApplication_Tests.m */,
				4A635A041BBA998E00C164CD /* Supporting Files */,
			);
			path = "level4assignment2(tabBarApplication)Tests";
			sourceTree = "<group>";
		};
		4A635A041BBA998E00C164CD /* Supporting Files */ = {
			isa = PBXGroup;
			children = (
				4A635A051BBA998E00C164CD /* Info.plist */,
			);
			name = "Supporting Files";
			sourceTree = "<group>";
		};
/* End PBXGroup section */

/* Begin PBXNativeTarget section */
		4A6359E31BBA998E00C164CD /* level4assignment2(tabBarApplication) */ = {
			isa = PBXNativeTarget;
			buildConfigurationList = 4A635A0A1BBA998E00C164CD /* Build configuration list for PBXNativeTarget "level4assignment2(tabBarApplication)" */;
			buildPhases = (
				4A6359E01BBA998E00C164CD /* Sources */,
				4A6359E11BBA998E00C164CD /* Frameworks */,
				4A6359E21BBA998E00C164CD /* Resources */,
			);
			buildRules = (
			);
			dependencies = (
			);
			name = "level4assignment2(tabBarApplication)";
			productName = "level4assignment2(tabBarApplication)";
			productReference = 4A6359E41BBA998E00C164CD /* level4assignment2(tabBarApplication).app */;
			productType = "com.apple.product-type.application";
		};
		4A6359FF1BBA998E00C164CD /* level4assignment2(tabBarApplication)Tests */ = {
			isa = PBXNativeTarget;
			buildConfigurationList = 4A635A0D1BBA998E00C164CD /* Build configuration list for PBXNativeTarget "level4assignment2(tabBarApplication)Tests" */;
			buildPhases = (
				4A6359FC1BBA998E00C164CD /* Sources */,
				4A6359FD1BBA998E00C164CD /* Frameworks */,
				4A6359FE1BBA998E00C164CD /* Resources */,
			);
			buildRules = (
			);
			dependencies = (
				4A635A021BBA998E00C164CD /* PBXTargetDependency */,
			);
			name = "level4assignment2(tabBarApplication)Tests";
			productName = "level4assignment2(tabBarApplication)Tests";
			productReference = 4A635A001BBA998E00C164CD /* level4assignment2(tabBarApplication)Tests.xctest */;
			productType = "com.apple.product-type.bundle.unit-test";
		};
/* End PBXNativeTarget section */

/* Begin PBXProject section */
		4A6359DC1BBA998E00C164CD /* Project object */ = {
			isa = PBXProject;
			attributes = {
				LastUpgradeCheck = 0600;
				ORGANIZATIONNAME = "Mindstix Software";
				TargetAttributes = {
					4A6359E31BBA998E00C164CD = {
						CreatedOnToolsVersion = 6.0;
					};
					4A6359FF1BBA998E00C164CD = {
						CreatedOnToolsVersion = 6.0;
						TestTargetID = 4A6359E31BBA998E00C164CD;
					};
				};
			};
			buildConfigurationList = 4A6359DF1BBA998E00C164CD /* Build configuration list for PBXProject "level4assignment2(tabBarApplication)" */;
			compatibilityVersion = "Xcode 3.2";
			developmentRegion = English;
			hasScannedForEncodings = 0;
			knownRegions = (
				en,
				Base,
			);
			mainGroup = 4A6359DB1BBA998E00C164CD;
			productRefGroup = 4A6359E51BBA998E00C164CD /* Products */;
			projectDirPath = "";
			projectRoot = "";
			targets = (
				4A6359E31BBA998E00C164CD /* level4assignment2(tabBarApplication) */,
				4A6359FF1BBA998E00C164CD /* level4assignment2(tabBarApplication)Tests */,
			);
		};
/* End PBXProject section */

/* Begin PBXResourcesBuildPhase section */
		4A6359E21BBA998E00C164CD /* Resources */ = {
			isa = PBXResourcesBuildPhase;
			buildActionMask = 2147483647;
			files = (
				4A2687D91BBBE65400C1260D /* furniture.jpg in Resources */,
				4A635A1A1BBA9ECA00C164CD /* image-4.jpeg in Resources */,
				4A2687DD1BBBE7E600C1260D /* wallpaper5.jpg in Resources */,
				4A6359F61BBA998E00C164CD /* Main.storyboard in Resources */,
				4A635A181BBA9ECA00C164CD /* image-2.jpeg in Resources */,
				4A2687D71BBBE65400C1260D /* basket.jpg in Resources */,
				4A635A171BBA9ECA00C164CD /* image-1.jpeg in Resources */,
				4A2687DB1BBBE65400C1260D /* home_appliances.jpg in Resources */,
				4A2687DA1BBBE65400C1260D /* health_products.jpg in Resources */,
				4A635A191BBA9ECA00C164CD /* image-3.jpeg in Resources */,
				4A2687D81BBBE65400C1260D /* cosmetics.jpg in Resources */,
				4A6359FB1BBA998E00C164CD /* LaunchScreen.xib in Resources */,
				4A6359F81BBA998E00C164CD /* Images.xcassets in Resources */,
			);
			runOnlyForDeploymentPostprocessing = 0;
		};
		4A6359FE1BBA998E00C164CD /* Resources */ = {
			isa = PBXResourcesBuildPhase;
			buildActionMask = 2147483647;
			files = (
			);
			runOnlyForDeploymentPostprocessing = 0;
		};
/* End PBXResourcesBuildPhase section */

/* Begin PBXSourcesBuildPhase section */
		4A6359E01BBA998E00C164CD /* Sources */ = {
			isa = PBXSourcesBuildPhase;
			buildActionMask = 2147483647;
			files = (
				4A2687D11BBBDE8D00C1260D /* PreferenceViewController.m in Sources */,
				4A6359F31BBA998E00C164CD /* SecondViewController.m in Sources */,
				4A635A121BBA9D3800C164CD /* ThirdViewController.m in Sources */,
				4A635A231BBAB98C00C164CD /* FirstTableViewCell.m in Sources */,
				4A6359ED1BBA998E00C164CD /* AppDelegate.m in Sources */,
				4A6359F01BBA998E00C164CD /* FirstViewController.m in Sources */,
				4A6359EA1BBA998E00C164CD /* main.m in Sources */,
			);
			runOnlyForDeploymentPostprocessing = 0;
		};
		4A6359FC1BBA998E00C164CD /* Sources */ = {
			isa = PBXSourcesBuildPhase;
			buildActionMask = 2147483647;
			files = (
				4A635A071BBA998E00C164CD /* level4assignment2_tabBarApplication_Tests.m in Sources */,
			);
			runOnlyForDeploymentPostprocessing = 0;
		};
/* End PBXSourcesBuildPhase section */

/* Begin PBXTargetDependency section */
		4A635A021BBA998E00C164CD /* PBXTargetDependency */ = {
			isa = PBXTargetDependency;
			target = 4A6359E31BBA998E00C164CD /* level4assignment2(tabBarApplication) */;
			targetProxy = 4A635A011BBA998E00C164CD /* PBXContainerItemProxy */;
		};
/* End PBXTargetDependency section */

/* Begin PBXVariantGroup section */
		4A6359F41BBA998E00C164CD /* Main.storyboard */ = {
			isa = PBXVariantGroup;
			children = (
				4A6359F51BBA998E00C164CD /* Base */,
			);
			name = Main.storyboard;
			sourceTree = "<group>";
		};
		4A6359F91BBA998E00C164CD /* LaunchScreen.xib */ = {
			isa = PBXVariantGroup;
			children = (
				4A6359FA1BBA998E00C164CD /* Base */,
			);
			name = LaunchScreen.xib;
			sourceTree = "<group>";
		};
/* End PBXVariantGroup section */

/* Begin XCBuildConfiguration section */
		4A635A081BBA998E00C164CD /* Debug */ = {
			isa = XCBuildConfiguration;
			buildSettings = {
				ALWAYS_SEARCH_USER_PATHS = NO;
				CLANG_CXX_LANGUAGE_STANDARD = "gnu++0x";
				CLANG_CXX_LIBRARY = "libc++";
				CLANG_ENABLE_MODULES = YES;
				CLANG_ENABLE_OBJC_ARC = YES;
				CLANG_WARN_BOOL_CONVERSION = YES;
				CLANG_WARN_CONSTANT_CONVERSION = YES;
				CLANG_WARN_DIRECT_OBJC_ISA_USAGE = YES_ERROR;
				CLANG_WARN_EMPTY_BODY = YES;
				CLANG_WARN_ENUM_CONVERSION = YES;
				CLANG_WARN_INT_CONVERSION = YES;
				CLANG_WARN_OBJC_ROOT_CLASS = YES_ERROR;
				CLANG_WARN_UNREACHABLE_CODE = YES;
				CLANG_WARN__DUPLICATE_METHOD_MATCH = YES;
				"CODE_SIGN_IDENTITY[sdk=iphoneos*]" = "iPhone Developer";
				COPY_PHASE_STRIP = NO;
				ENABLE_STRICT_OBJC_MSGSEND = YES;
				GCC_C_LANGUAGE_STANDARD = gnu99;
				GCC_DYNAMIC_NO_PIC = NO;
				GCC_OPTIMIZATION_LEVEL = 0;
				GCC_PREPROCESSOR_DEFINITIONS = (
					"DEBUG=1",
					"$(inherited)",
				);
				GCC_SYMBOLS_PRIVATE_EXTERN = NO;
				GCC_WARN_64_TO_32_BIT_CONVERSION = YES;
				GCC_WARN_ABOUT_RETURN_TYPE = YES_ERROR;
				GCC_WARN_UNDECLARED_SELECTOR = YES;
				GCC_WARN_UNINITIALIZED_AUTOS = YES_AGGRESSIVE;
				GCC_WARN_UNUSED_FUNCTION = YES;
				GCC_WARN_UNUSED_VARIABLE = YES;
				IPHONEOS_DEPLOYMENT_TARGET = 8.0;
				MTL_ENABLE_DEBUG_INFO = YES;
				ONLY_ACTIVE_ARCH = YES;
				SDKROOT = iphoneos;
			};
			name = Debug;
		};
		4A635A091BBA998E00C164CD /* Release */ = {
			isa = XCBuildConfiguration;
			buildSettings = {
				ALWAYS_SEARCH_USER_PATHS = NO;
				CLANG_CXX_LANGUAGE_STANDARD = "gnu++0x";
				CLANG_CXX_LIBRARY = "libc++";
				CLANG_ENABLE_MODULES = YES;
				CLANG_ENABLE_OBJC_ARC = YES;
				CLANG_WARN_BOOL_CONVERSION = YES;
				CLANG_WARN_CONSTANT_CONVERSION = YES;
				CLANG_WARN_DIRECT_OBJC_ISA_USAGE = YES_ERROR;
				CLANG_WARN_EMPTY_BODY = YES;
				CLANG_WARN_ENUM_CONVERSION = YES;
				CLANG_WARN_INT_CONVERSION = YES;
				CLANG_WARN_OBJC_ROOT_CLASS = YES_ERROR;
				CLANG_WARN_UNREACHABLE_CODE = YES;
				CLANG_WARN__DUPLICATE_METHOD_MATCH = YES;
				"CODE_SIGN_IDENTITY[sdk=iphoneos*]" = "iPhone Developer";
				COPY_PHASE_STRIP = YES;
				ENABLE_NS_ASSERTIONS = NO;
				ENABLE_STRICT_OBJC_MSGSEND = YES;
				GCC_C_LANGUAGE_STANDARD = gnu99;
				GCC_WARN_64_TO_32_BIT_CONVERSION = YES;
				GCC_WARN_ABOUT_RETURN_TYPE = YES_ERROR;
				GCC_WARN_UNDECLARED_SELECTOR = YES;
				GCC_WARN_UNINITIALIZED_AUTOS = YES_AGGRESSIVE;
				GCC_WARN_UNUSED_FUNCTION = YES;
				GCC_WARN_UNUSED_VARIABLE = YES;
				IPHONEOS_DEPLOYMENT_TARGET = 8.0;
				MTL_ENABLE_DEBUG_INFO = NO;
				SDKROOT = iphoneos;
				VALIDATE_PRODUCT = YES;
			};
			name = Release;
		};
		4A635A0B1BBA998E00C164CD /* Debug */ = {
			isa = XCBuildConfiguration;
			buildSettings = {
				ASSETCATALOG_COMPILER_APPICON_NAME = AppIcon;
				INFOPLIST_FILE = "level4assignment2(tabBarApplication)/Info.plist";
				LD_RUNPATH_SEARCH_PATHS = "$(inherited) @executable_path/Frameworks";
				PRODUCT_NAME = "$(TARGET_NAME)";
			};
			name = Debug;
		};
		4A635A0C1BBA998E00C164CD /* Release */ = {
			isa = XCBuildConfiguration;
			buildSettings = {
				ASSETCATALOG_COMPILER_APPICON_NAME = AppIcon;
				INFOPLIST_FILE = "level4assignment2(tabBarApplication)/Info.plist";
				LD_RUNPATH_SEARCH_PATHS = "$(inherited) @executable_path/Frameworks";
				PRODUCT_NAME = "$(TARGET_NAME)";
			};
			name = Release;
		};
		4A635A0E1BBA998E00C164CD /* Debug */ = {
			isa = XCBuildConfiguration;
			buildSettings = {
				BUNDLE_LOADER = "$(TEST_HOST)";
				FRAMEWORK_SEARCH_PATHS = (
					"$(SDKROOT)/Developer/Library/Frameworks",
					"$(inherited)",
				);
				GCC_PREPROCESSOR_DEFINITIONS = (
					"DEBUG=1",
					"$(inherited)",
				);
				INFOPLIST_FILE = "level4assignment2(tabBarApplication)Tests/Info.plist";
				LD_RUNPATH_SEARCH_PATHS = "$(inherited) @executable_path/Frameworks @loader_path/Frameworks";
				PRODUCT_NAME = "$(TARGET_NAME)";
				TEST_HOST = "$(BUILT_PRODUCTS_DIR)/level4assignment2(tabBarApplication).app/level4assignment2(tabBarApplication)";
			};
			name = Debug;
		};
		4A635A0F1BBA998E00C164CD /* Release */ = {
			isa = XCBuildConfiguration;
			buildSettings = {
				BUNDLE_LOADER = "$(TEST_HOST)";
				FRAMEWORK_SEARCH_PATHS = (
					"$(SDKROOT)/Developer/Library/Frameworks",
					"$(inherited)",
				);
				INFOPLIST_FILE = "level4assignment2(tabBarApplication)Tests/Info.plist";
				LD_RUNPATH_SEARCH_PATHS = "$(inherited) @executable_path/Frameworks @loader_path/Frameworks";
				PRODUCT_NAME = "$(TARGET_NAME)";
				TEST_HOST = "$(BUILT_PRODUCTS_DIR)/level4assignment2(tabBarApplication).app/level4assignment2(tabBarApplication)";
			};
			name = Release;
		};
/* End XCBuildConfiguration section */

/* Begin XCConfigurationList section */
		4A6359DF1BBA998E00C164CD /* Build configuration list for PBXProject "level4assignment2(tabBarApplication)" */ = {
			isa = XCConfigurationList;
			buildConfigurations = (
				4A635A081BBA998E00C164CD /* Debug */,
				4A635A091BBA998E00C164CD /* Release */,
			);
			defaultConfigurationIsVisible = 0;
			defaultConfigurationName = Release;
		};
		4A635A0A1BBA998E00C164CD /* Build configuration list for PBXNativeTarget "level4assignment2(tabBarApplication)" */ = {
			isa = XCConfigurationList;
			buildConfigurations = (
				4A635A0B1BBA998E00C164CD /* Debug */,
				4A635A0C1BBA998E00C164CD /* Release */,
			);
			defaultConfigurationIsVisible = 0;
			defaultConfigurationName = Release;
		};
		4A635A0D1BBA998E00C164CD /* Build configuration list for PBXNativeTarget "level4assignment2(tabBarApplication)Tests" */ = {
			isa = XCConfigurationList;
			buildConfigurations = (
				4A635A0E1BBA998E00C164CD /* Debug */,
				4A635A0F1BBA998E00C164CD /* Release */,
			);
			defaultConfigurationIsVisible = 0;
			defaultConfigurationName = Release;
		};
/* End XCConfigurationList section */
	};
	rootObject = 4A6359DC1BBA998E00C164CD /* Project object */;
}
