// !$*UTF8*$!
{
	archiveVersion = 1;
	classes = {
	};
	objectVersion = 46;
	objects = {

/* Begin PBXBuildFile section */
		4AF96BFF1BB17B0B00DDB831 /* main.m in Sources */ = {isa = PBXBuildFile; fileRef = 4AF96BFE1BB17B0B00DDB831 /* main.m */; };
		4AF96C021BB17B0B00DDB831 /* AppDelegate.m in Sources */ = {isa = PBXBuildFile; fileRef = 4AF96C011BB17B0B00DDB831 /* AppDelegate.m */; };
		4AF96C081BB17B0B00DDB831 /* Main.storyboard in Resources */ = {isa = PBXBuildFile; fileRef = 4AF96C061BB17B0B00DDB831 /* Main.storyboard */; };
		4AF96C0A1BB17B0B00DDB831 /* Images.xcassets in Resources */ = {isa = PBXBuildFile; fileRef = 4AF96C091BB17B0B00DDB831 /* Images.xcassets */; };
		4AF96C0D1BB17B0B00DDB831 /* LaunchScreen.xib in Resources */ = {isa = PBXBuildFile; fileRef = 4AF96C0B1BB17B0B00DDB831 /* LaunchScreen.xib */; };
		4AF96C191BB17B0B00DDB831 /* lvl1ass2UsingJsonTests.m in Sources */ = {isa = PBXBuildFile; fileRef = 4AF96C181BB17B0B00DDB831 /* lvl1ass2UsingJsonTests.m */; };
		4AF96C241BB185E400DDB831 /* FirstTableViewController.m in Sources */ = {isa = PBXBuildFile; fileRef = 4AF96C231BB185E400DDB831 /* FirstTableViewController.m */; };
		4AF96C271BB185F900DDB831 /* SecondTableViewController.m in Sources */ = {isa = PBXBuildFile; fileRef = 4AF96C261BB185F900DDB831 /* SecondTableViewController.m */; };
		4AF96C2C1BB192C600DDB831 /* categories.json in Resources */ = {isa = PBXBuildFile; fileRef = 4AF96C2B1BB192C600DDB831 /* categories.json */; };
/* End PBXBuildFile section */

/* Begin PBXContainerItemProxy section */
		4AF96C131BB17B0B00DDB831 /* PBXContainerItemProxy */ = {
			isa = PBXContainerItemProxy;
			containerPortal = 4AF96BF11BB17B0B00DDB831 /* Project object */;
			proxyType = 1;
			remoteGlobalIDString = 4AF96BF81BB17B0B00DDB831;
			remoteInfo = lvl1ass2UsingJson;
		};
/* End PBXContainerItemProxy section */

/* Begin PBXFileReference section */
		4AF96BF91BB17B0B00DDB831 /* lvl1ass2UsingJson.app */ = {isa = PBXFileReference; explicitFileType = wrapper.application; includeInIndex = 0; path = lvl1ass2UsingJson.app; sourceTree = BUILT_PRODUCTS_DIR; };
		4AF96BFD1BB17B0B00DDB831 /* Info.plist */ = {isa = PBXFileReference; lastKnownFileType = text.plist.xml; path = Info.plist; sourceTree = "<group>"; };
		4AF96BFE1BB17B0B00DDB831 /* main.m */ = {isa = PBXFileReference; lastKnownFileType = sourcecode.c.objc; path = main.m; sourceTree = "<group>"; };
		4AF96C001BB17B0B00DDB831 /* AppDelegate.h */ = {isa = PBXFileReference; lastKnownFileType = sourcecode.c.h; path = AppDelegate.h; sourceTree = "<group>"; };
		4AF96C011BB17B0B00DDB831 /* AppDelegate.m */ = {isa = PBXFileReference; lastKnownFileType = sourcecode.c.objc; path = AppDelegate.m; sourceTree = "<group>"; };
		4AF96C071BB17B0B00DDB831 /* Base */ = {isa = PBXFileReference; lastKnownFileType = file.storyboard; name = Base; path = Base.lproj/Main.storyboard; sourceTree = "<group>"; };
		4AF96C091BB17B0B00DDB831 /* Images.xcassets */ = {isa = PBXFileReference; lastKnownFileType = folder.assetcatalog; path = Images.xcassets; sourceTree = "<group>"; };
		4AF96C0C1BB17B0B00DDB831 /* Base */ = {isa = PBXFileReference; lastKnownFileType = file.xib; name = Base; path = Base.lproj/LaunchScreen.xib; sourceTree = "<group>"; };
		4AF96C121BB17B0B00DDB831 /* lvl1ass2UsingJsonTests.xctest */ = {isa = PBXFileReference; explicitFileType = wrapper.cfbundle; includeInIndex = 0; path = lvl1ass2UsingJsonTests.xctest; sourceTree = BUILT_PRODUCTS_DIR; };
		4AF96C171BB17B0B00DDB831 /* Info.plist */ = {isa = PBXFileReference; lastKnownFileType = text.plist.xml; path = Info.plist; sourceTree = "<group>"; };
		4AF96C181BB17B0B00DDB831 /* lvl1ass2UsingJsonTests.m */ = {isa = PBXFileReference; lastKnownFileType = sourcecode.c.objc; path = lvl1ass2UsingJsonTests.m; sourceTree = "<group>"; };
		4AF96C221BB185E400DDB831 /* FirstTableViewController.h */ = {isa = PBXFileReference; fileEncoding = 4; lastKnownFileType = sourcecode.c.h; path = FirstTableViewController.h; sourceTree = "<group>"; };
		4AF96C231BB185E400DDB831 /* FirstTableViewController.m */ = {isa = PBXFileReference; fileEncoding = 4; lastKnownFileType = sourcecode.c.objc; path = FirstTableViewController.m; sourceTree = "<group>"; };
		4AF96C251BB185F900DDB831 /* SecondTableViewController.h */ = {isa = PBXFileReference; fileEncoding = 4; lastKnownFileType = sourcecode.c.h; path = SecondTableViewController.h; sourceTree = "<group>"; };
		4AF96C261BB185F900DDB831 /* SecondTableViewController.m */ = {isa = PBXFileReference; fileEncoding = 4; lastKnownFileType = sourcecode.c.objc; path = SecondTableViewController.m; sourceTree = "<group>"; };
		4AF96C2B1BB192C600DDB831 /* categories.json */ = {isa = PBXFileReference; fileEncoding = 4; lastKnownFileType = text.json; path = categories.json; sourceTree = "<group>"; };
/* End PBXFileReference section */

/* Begin PBXFrameworksBuildPhase section */
		4AF96BF61BB17B0B00DDB831 /* Frameworks */ = {
			isa = PBXFrameworksBuildPhase;
			buildActionMask = 2147483647;
			files = (
			);
			runOnlyForDeploymentPostprocessing = 0;
		};
		4AF96C0F1BB17B0B00DDB831 /* Frameworks */ = {
			isa = PBXFrameworksBuildPhase;
			buildActionMask = 2147483647;
			files = (
			);
			runOnlyForDeploymentPostprocessing = 0;
		};
/* End PBXFrameworksBuildPhase section */

/* Begin PBXGroup section */
		4AF96BF01BB17B0B00DDB831 = {
			isa = PBXGroup;
			children = (
				4AF96C221BB185E400DDB831 /* FirstTableViewController.h */,
				4AF96C231BB185E400DDB831 /* FirstTableViewController.m */,
				4AF96C251BB185F900DDB831 /* SecondTableViewController.h */,
				4AF96C261BB185F900DDB831 /* SecondTableViewController.m */,
				4AF96BFB1BB17B0B00DDB831 /* lvl1ass2UsingJson */,
				4AF96C151BB17B0B00DDB831 /* lvl1ass2UsingJsonTests */,
				4AF96BFA1BB17B0B00DDB831 /* Products */,
			);
			sourceTree = "<group>";
		};
		4AF96BFA1BB17B0B00DDB831 /* Products */ = {
			isa = PBXGroup;
			children = (
				4AF96BF91BB17B0B00DDB831 /* lvl1ass2UsingJson.app */,
				4AF96C121BB17B0B00DDB831 /* lvl1ass2UsingJsonTests.xctest */,
			);
			name = Products;
			sourceTree = "<group>";
		};
		4AF96BFB1BB17B0B00DDB831 /* lvl1ass2UsingJson */ = {
			isa = PBXGroup;
			children = (
				4AF96C001BB17B0B00DDB831 /* AppDelegate.h */,
				4AF96C011BB17B0B00DDB831 /* AppDelegate.m */,
				4AF96C061BB17B0B00DDB831 /* Main.storyboard */,
				4AF96C091BB17B0B00DDB831 /* Images.xcassets */,
				4AF96C0B1BB17B0B00DDB831 /* LaunchScreen.xib */,
				4AF96BFC1BB17B0B00DDB831 /* Supporting Files */,
			);
			path = lvl1ass2UsingJson;
			sourceTree = "<group>";
		};
		4AF96BFC1BB17B0B00DDB831 /* Supporting Files */ = {
			isa = PBXGroup;
			children = (
				4AF96C2B1BB192C600DDB831 /* categories.json */,
				4AF96BFD1BB17B0B00DDB831 /* Info.plist */,
				4AF96BFE1BB17B0B00DDB831 /* main.m */,
			);
			name = "Supporting Files";
			sourceTree = "<group>";
		};
		4AF96C151BB17B0B00DDB831 /* lvl1ass2UsingJsonTests */ = {
			isa = PBXGroup;
			children = (
				4AF96C181BB17B0B00DDB831 /* lvl1ass2UsingJsonTests.m */,
				4AF96C161BB17B0B00DDB831 /* Supporting Files */,
			);
			path = lvl1ass2UsingJsonTests;
			sourceTree = "<group>";
		};
		4AF96C161BB17B0B00DDB831 /* Supporting Files */ = {
			isa = PBXGroup;
			children = (
				4AF96C171BB17B0B00DDB831 /* Info.plist */,
			);
			name = "Supporting Files";
			sourceTree = "<group>";
		};
/* End PBXGroup section */

/* Begin PBXNativeTarget section */
		4AF96BF81BB17B0B00DDB831 /* lvl1ass2UsingJson */ = {
			isa = PBXNativeTarget;
			buildConfigurationList = 4AF96C1C1BB17B0B00DDB831 /* Build configuration list for PBXNativeTarget "lvl1ass2UsingJson" */;
			buildPhases = (
				4AF96BF51BB17B0B00DDB831 /* Sources */,
				4AF96BF61BB17B0B00DDB831 /* Frameworks */,
				4AF96BF71BB17B0B00DDB831 /* Resources */,
			);
			buildRules = (
			);
			dependencies = (
			);
			name = lvl1ass2UsingJson;
			productName = lvl1ass2UsingJson;
			productReference = 4AF96BF91BB17B0B00DDB831 /* lvl1ass2UsingJson.app */;
			productType = "com.apple.product-type.application";
		};
		4AF96C111BB17B0B00DDB831 /* lvl1ass2UsingJsonTests */ = {
			isa = PBXNativeTarget;
			buildConfigurationList = 4AF96C1F1BB17B0B00DDB831 /* Build configuration list for PBXNativeTarget "lvl1ass2UsingJsonTests" */;
			buildPhases = (
				4AF96C0E1BB17B0B00DDB831 /* Sources */,
				4AF96C0F1BB17B0B00DDB831 /* Frameworks */,
				4AF96C101BB17B0B00DDB831 /* Resources */,
			);
			buildRules = (
			);
			dependencies = (
				4AF96C141BB17B0B00DDB831 /* PBXTargetDependency */,
			);
			name = lvl1ass2UsingJsonTests;
			productName = lvl1ass2UsingJsonTests;
			productReference = 4AF96C121BB17B0B00DDB831 /* lvl1ass2UsingJsonTests.xctest */;
			productType = "com.apple.product-type.bundle.unit-test";
		};
/* End PBXNativeTarget section */

/* Begin PBXProject section */
		4AF96BF11BB17B0B00DDB831 /* Project object */ = {
			isa = PBXProject;
			attributes = {
				LastUpgradeCheck = 0600;
				ORGANIZATIONNAME = "Mindstix Software";
				TargetAttributes = {
					4AF96BF81BB17B0B00DDB831 = {
						CreatedOnToolsVersion = 6.0;
					};
					4AF96C111BB17B0B00DDB831 = {
						CreatedOnToolsVersion = 6.0;
						TestTargetID = 4AF96BF81BB17B0B00DDB831;
					};
				};
			};
			buildConfigurationList = 4AF96BF41BB17B0B00DDB831 /* Build configuration list for PBXProject "lvl1ass2UsingJson" */;
			compatibilityVersion = "Xcode 3.2";
			developmentRegion = English;
			hasScannedForEncodings = 0;
			knownRegions = (
				en,
				Base,
			);
			mainGroup = 4AF96BF01BB17B0B00DDB831;
			productRefGroup = 4AF96BFA1BB17B0B00DDB831 /* Products */;
			projectDirPath = "";
			projectRoot = "";
			targets = (
				4AF96BF81BB17B0B00DDB831 /* lvl1ass2UsingJson */,
				4AF96C111BB17B0B00DDB831 /* lvl1ass2UsingJsonTests */,
			);
		};
/* End PBXProject section */

/* Begin PBXResourcesBuildPhase section */
		4AF96BF71BB17B0B00DDB831 /* Resources */ = {
			isa = PBXResourcesBuildPhase;
			buildActionMask = 2147483647;
			files = (
				4AF96C081BB17B0B00DDB831 /* Main.storyboard in Resources */,
				4AF96C2C1BB192C600DDB831 /* categories.json in Resources */,
				4AF96C0D1BB17B0B00DDB831 /* LaunchScreen.xib in Resources */,
				4AF96C0A1BB17B0B00DDB831 /* Images.xcassets in Resources */,
			);
			runOnlyForDeploymentPostprocessing = 0;
		};
		4AF96C101BB17B0B00DDB831 /* Resources */ = {
			isa = PBXResourcesBuildPhase;
			buildActionMask = 2147483647;
			files = (
			);
			runOnlyForDeploymentPostprocessing = 0;
		};
/* End PBXResourcesBuildPhase section */

/* Begin PBXSourcesBuildPhase section */
		4AF96BF51BB17B0B00DDB831 /* Sources */ = {
			isa = PBXSourcesBuildPhase;
			buildActionMask = 2147483647;
			files = (
				4AF96C021BB17B0B00DDB831 /* AppDelegate.m in Sources */,
				4AF96C271BB185F900DDB831 /* SecondTableViewController.m in Sources */,
				4AF96BFF1BB17B0B00DDB831 /* main.m in Sources */,
				4AF96C241BB185E400DDB831 /* FirstTableViewController.m in Sources */,
			);
			runOnlyForDeploymentPostprocessing = 0;
		};
		4AF96C0E1BB17B0B00DDB831 /* Sources */ = {
			isa = PBXSourcesBuildPhase;
			buildActionMask = 2147483647;
			files = (
				4AF96C191BB17B0B00DDB831 /* lvl1ass2UsingJsonTests.m in Sources */,
			);
			runOnlyForDeploymentPostprocessing = 0;
		};
/* End PBXSourcesBuildPhase section */

/* Begin PBXTargetDependency section */
		4AF96C141BB17B0B00DDB831 /* PBXTargetDependency */ = {
			isa = PBXTargetDependency;
			target = 4AF96BF81BB17B0B00DDB831 /* lvl1ass2UsingJson */;
			targetProxy = 4AF96C131BB17B0B00DDB831 /* PBXContainerItemProxy */;
		};
/* End PBXTargetDependency section */

/* Begin PBXVariantGroup section */
		4AF96C061BB17B0B00DDB831 /* Main.storyboard */ = {
			isa = PBXVariantGroup;
			children = (
				4AF96C071BB17B0B00DDB831 /* Base */,
			);
			name = Main.storyboard;
			sourceTree = "<group>";
		};
		4AF96C0B1BB17B0B00DDB831 /* LaunchScreen.xib */ = {
			isa = PBXVariantGroup;
			children = (
				4AF96C0C1BB17B0B00DDB831 /* Base */,
			);
			name = LaunchScreen.xib;
			sourceTree = "<group>";
		};
/* End PBXVariantGroup section */

/* Begin XCBuildConfiguration section */
		4AF96C1A1BB17B0B00DDB831 /* Debug */ = {
			isa = XCBuildConfiguration;
			buildSettings = {
				ALWAYS_SEARCH_USER_PATHS = NO;
				CLANG_CXX_LANGUAGE_STANDARD = "gnu++0x";
				CLANG_CXX_LIBRARY = "libc++";
				CLANG_ENABLE_MODULES = YES;
				CLANG_ENABLE_OBJC_ARC = YES;
				CLANG_WARN_BOOL_CONVERSION = YES;
				CLANG_WARN_CONSTANT_CONVERSION = YES;
				CLANG_WARN_DIRECT_OBJC_ISA_USAGE = YES_ERROR;
				CLANG_WARN_EMPTY_BODY = YES;
				CLANG_WARN_ENUM_CONVERSION = YES;
				CLANG_WARN_INT_CONVERSION = YES;
				CLANG_WARN_OBJC_ROOT_CLASS = YES_ERROR;
				CLANG_WARN_UNREACHABLE_CODE = YES;
				CLANG_WARN__DUPLICATE_METHOD_MATCH = YES;
				"CODE_SIGN_IDENTITY[sdk=iphoneos*]" = "iPhone Developer";
				COPY_PHASE_STRIP = NO;
				ENABLE_STRICT_OBJC_MSGSEND = YES;
				GCC_C_LANGUAGE_STANDARD = gnu99;
				GCC_DYNAMIC_NO_PIC = NO;
				GCC_OPTIMIZATION_LEVEL = 0;
				GCC_PREPROCESSOR_DEFINITIONS = (
					"DEBUG=1",
					"$(inherited)",
				);
				GCC_SYMBOLS_PRIVATE_EXTERN = NO;
				GCC_WARN_64_TO_32_BIT_CONVERSION = YES;
				GCC_WARN_ABOUT_RETURN_TYPE = YES_ERROR;
				GCC_WARN_UNDECLARED_SELECTOR = YES;
				GCC_WARN_UNINITIALIZED_AUTOS = YES_AGGRESSIVE;
				GCC_WARN_UNUSED_FUNCTION = YES;
				GCC_WARN_UNUSED_VARIABLE = YES;
				IPHONEOS_DEPLOYMENT_TARGET = 8.0;
				MTL_ENABLE_DEBUG_INFO = YES;
				ONLY_ACTIVE_ARCH = YES;
				SDKROOT = iphoneos;
			};
			name = Debug;
		};
		4AF96C1B1BB17B0B00DDB831 /* Release */ = {
			isa = XCBuildConfiguration;
			buildSettings = {
				ALWAYS_SEARCH_USER_PATHS = NO;
				CLANG_CXX_LANGUAGE_STANDARD = "gnu++0x";
				CLANG_CXX_LIBRARY = "libc++";
				CLANG_ENABLE_MODULES = YES;
				CLANG_ENABLE_OBJC_ARC = YES;
				CLANG_WARN_BOOL_CONVERSION = YES;
				CLANG_WARN_CONSTANT_CONVERSION = YES;
				CLANG_WARN_DIRECT_OBJC_ISA_USAGE = YES_ERROR;
				CLANG_WARN_EMPTY_BODY = YES;
				CLANG_WARN_ENUM_CONVERSION = YES;
				CLANG_WARN_INT_CONVERSION = YES;
				CLANG_WARN_OBJC_ROOT_CLASS = YES_ERROR;
				CLANG_WARN_UNREACHABLE_CODE = YES;
				CLANG_WARN__DUPLICATE_METHOD_MATCH = YES;
				"CODE_SIGN_IDENTITY[sdk=iphoneos*]" = "iPhone Developer";
				COPY_PHASE_STRIP = YES;
				ENABLE_NS_ASSERTIONS = NO;
				ENABLE_STRICT_OBJC_MSGSEND = YES;
				GCC_C_LANGUAGE_STANDARD = gnu99;
				GCC_WARN_64_TO_32_BIT_CONVERSION = YES;
				GCC_WARN_ABOUT_RETURN_TYPE = YES_ERROR;
				GCC_WARN_UNDECLARED_SELECTOR = YES;
				GCC_WARN_UNINITIALIZED_AUTOS = YES_AGGRESSIVE;
				GCC_WARN_UNUSED_FUNCTION = YES;
				GCC_WARN_UNUSED_VARIABLE = YES;
				IPHONEOS_DEPLOYMENT_TARGET = 8.0;
				MTL_ENABLE_DEBUG_INFO = NO;
				SDKROOT = iphoneos;
				VALIDATE_PRODUCT = YES;
			};
			name = Release;
		};
		4AF96C1D1BB17B0B00DDB831 /* Debug */ = {
			isa = XCBuildConfiguration;
			buildSettings = {
				ASSETCATALOG_COMPILER_APPICON_NAME = AppIcon;
				CODE_SIGN_IDENTITY = "iPhone Developer";
				INFOPLIST_FILE = lvl1ass2UsingJson/Info.plist;
				LD_RUNPATH_SEARCH_PATHS = "$(inherited) @executable_path/Frameworks";
				PRODUCT_NAME = "$(TARGET_NAME)";
			};
			name = Debug;
		};
		4AF96C1E1BB17B0B00DDB831 /* Release */ = {
			isa = XCBuildConfiguration;
			buildSettings = {
				ASSETCATALOG_COMPILER_APPICON_NAME = AppIcon;
				CODE_SIGN_IDENTITY = "iPhone Developer";
				INFOPLIST_FILE = lvl1ass2UsingJson/Info.plist;
				LD_RUNPATH_SEARCH_PATHS = "$(inherited) @executable_path/Frameworks";
				PRODUCT_NAME = "$(TARGET_NAME)";
			};
			name = Release;
		};
		4AF96C201BB17B0B00DDB831 /* Debug */ = {
			isa = XCBuildConfiguration;
			buildSettings = {
				BUNDLE_LOADER = "$(TEST_HOST)";
				FRAMEWORK_SEARCH_PATHS = (
					"$(SDKROOT)/Developer/Library/Frameworks",
					"$(inherited)",
				);
				GCC_PREPROCESSOR_DEFINITIONS = (
					"DEBUG=1",
					"$(inherited)",
				);
				INFOPLIST_FILE = lvl1ass2UsingJsonTests/Info.plist;
				LD_RUNPATH_SEARCH_PATHS = "$(inherited) @executable_path/Frameworks @loader_path/Frameworks";
				PRODUCT_NAME = "$(TARGET_NAME)";
				TEST_HOST = "$(BUILT_PRODUCTS_DIR)/lvl1ass2UsingJson.app/lvl1ass2UsingJson";
			};
			name = Debug;
		};
		4AF96C211BB17B0B00DDB831 /* Release */ = {
			isa = XCBuildConfiguration;
			buildSettings = {
				BUNDLE_LOADER = "$(TEST_HOST)";
				FRAMEWORK_SEARCH_PATHS = (
					"$(SDKROOT)/Developer/Library/Frameworks",
					"$(inherited)",
				);
				INFOPLIST_FILE = lvl1ass2UsingJsonTests/Info.plist;
				LD_RUNPATH_SEARCH_PATHS = "$(inherited) @executable_path/Frameworks @loader_path/Frameworks";
				PRODUCT_NAME = "$(TARGET_NAME)";
				TEST_HOST = "$(BUILT_PRODUCTS_DIR)/lvl1ass2UsingJson.app/lvl1ass2UsingJson";
			};
			name = Release;
		};
/* End XCBuildConfiguration section */

/* Begin XCConfigurationList section */
		4AF96BF41BB17B0B00DDB831 /* Build configuration list for PBXProject "lvl1ass2UsingJson" */ = {
			isa = XCConfigurationList;
			buildConfigurations = (
				4AF96C1A1BB17B0B00DDB831 /* Debug */,
				4AF96C1B1BB17B0B00DDB831 /* Release */,
			);
			defaultConfigurationIsVisible = 0;
			defaultConfigurationName = Release;
		};
		4AF96C1C1BB17B0B00DDB831 /* Build configuration list for PBXNativeTarget "lvl1ass2UsingJson" */ = {
			isa = XCConfigurationList;
			buildConfigurations = (
				4AF96C1D1BB17B0B00DDB831 /* Debug */,
				4AF96C1E1BB17B0B00DDB831 /* Release */,
			);
			defaultConfigurationIsVisible = 0;
		};
		4AF96C1F1BB17B0B00DDB831 /* Build configuration list for PBXNativeTarget "lvl1ass2UsingJsonTests" */ = {
			isa = XCConfigurationList;
			buildConfigurations = (
				4AF96C201BB17B0B00DDB831 /* Debug */,
				4AF96C211BB17B0B00DDB831 /* Release */,
			);
			defaultConfigurationIsVisible = 0;
		};
/* End XCConfigurationList section */
	};
	rootObject = 4AF96BF11BB17B0B00DDB831 /* Project object */;
}
