// !$*UTF8*$!
{
	archiveVersion = 1;
	classes = {
	};
	objectVersion = 46;
	objects = {

/* Begin PBXBuildFile section */
		4AA65BA51BB527B600C11084 /* main.m in Sources */ = {isa = PBXBuildFile; fileRef = 4AA65BA41BB527B600C11084 /* main.m */; };
		4AA65BA81BB527B600C11084 /* AppDelegate.m in Sources */ = {isa = PBXBuildFile; fileRef = 4AA65BA71BB527B600C11084 /* AppDelegate.m */; };
		4AA65BAB1BB527B600C11084 /* ViewController.m in Sources */ = {isa = PBXBuildFile; fileRef = 4AA65BAA1BB527B600C11084 /* ViewController.m */; };
		4AA65BAE1BB527B600C11084 /* Main.storyboard in Resources */ = {isa = PBXBuildFile; fileRef = 4AA65BAC1BB527B600C11084 /* Main.storyboard */; };
		4AA65BB01BB527B600C11084 /* Images.xcassets in Resources */ = {isa = PBXBuildFile; fileRef = 4AA65BAF1BB527B600C11084 /* Images.xcassets */; };
		4AA65BB31BB527B600C11084 /* LaunchScreen.xib in Resources */ = {isa = PBXBuildFile; fileRef = 4AA65BB11BB527B600C11084 /* LaunchScreen.xib */; };
		4AA65BBF1BB527B600C11084 /* lvl3ass1_CameraApp_Tests.m in Sources */ = {isa = PBXBuildFile; fileRef = 4AA65BBE1BB527B600C11084 /* lvl3ass1_CameraApp_Tests.m */; };
/* End PBXBuildFile section */

/* Begin PBXContainerItemProxy section */
		4AA65BB91BB527B600C11084 /* PBXContainerItemProxy */ = {
			isa = PBXContainerItemProxy;
			containerPortal = 4AA65B971BB527B600C11084 /* Project object */;
			proxyType = 1;
			remoteGlobalIDString = 4AA65B9E1BB527B600C11084;
			remoteInfo = "lvl3ass1(CameraApp)";
		};
/* End PBXContainerItemProxy section */

/* Begin PBXFileReference section */
		4AA65B9F1BB527B600C11084 /* lvl3ass1(CameraApp).app */ = {isa = PBXFileReference; explicitFileType = wrapper.application; includeInIndex = 0; path = "lvl3ass1(CameraApp).app"; sourceTree = BUILT_PRODUCTS_DIR; };
		4AA65BA31BB527B600C11084 /* Info.plist */ = {isa = PBXFileReference; lastKnownFileType = text.plist.xml; path = Info.plist; sourceTree = "<group>"; };
		4AA65BA41BB527B600C11084 /* main.m */ = {isa = PBXFileReference; lastKnownFileType = sourcecode.c.objc; path = main.m; sourceTree = "<group>"; };
		4AA65BA61BB527B600C11084 /* AppDelegate.h */ = {isa = PBXFileReference; lastKnownFileType = sourcecode.c.h; path = AppDelegate.h; sourceTree = "<group>"; };
		4AA65BA71BB527B600C11084 /* AppDelegate.m */ = {isa = PBXFileReference; lastKnownFileType = sourcecode.c.objc; path = AppDelegate.m; sourceTree = "<group>"; };
		4AA65BA91BB527B600C11084 /* ViewController.h */ = {isa = PBXFileReference; lastKnownFileType = sourcecode.c.h; path = ViewController.h; sourceTree = "<group>"; };
		4AA65BAA1BB527B600C11084 /* ViewController.m */ = {isa = PBXFileReference; lastKnownFileType = sourcecode.c.objc; path = ViewController.m; sourceTree = "<group>"; };
		4AA65BAD1BB527B600C11084 /* Base */ = {isa = PBXFileReference; lastKnownFileType = file.storyboard; name = Base; path = Base.lproj/Main.storyboard; sourceTree = "<group>"; };
		4AA65BAF1BB527B600C11084 /* Images.xcassets */ = {isa = PBXFileReference; lastKnownFileType = folder.assetcatalog; path = Images.xcassets; sourceTree = "<group>"; };
		4AA65BB21BB527B600C11084 /* Base */ = {isa = PBXFileReference; lastKnownFileType = file.xib; name = Base; path = Base.lproj/LaunchScreen.xib; sourceTree = "<group>"; };
		4AA65BB81BB527B600C11084 /* lvl3ass1(CameraApp)Tests.xctest */ = {isa = PBXFileReference; explicitFileType = wrapper.cfbundle; includeInIndex = 0; path = "lvl3ass1(CameraApp)Tests.xctest"; sourceTree = BUILT_PRODUCTS_DIR; };
		4AA65BBD1BB527B600C11084 /* Info.plist */ = {isa = PBXFileReference; lastKnownFileType = text.plist.xml; path = Info.plist; sourceTree = "<group>"; };
		4AA65BBE1BB527B600C11084 /* lvl3ass1_CameraApp_Tests.m */ = {isa = PBXFileReference; lastKnownFileType = sourcecode.c.objc; path = lvl3ass1_CameraApp_Tests.m; sourceTree = "<group>"; };
/* End PBXFileReference section */

/* Begin PBXFrameworksBuildPhase section */
		4AA65B9C1BB527B600C11084 /* Frameworks */ = {
			isa = PBXFrameworksBuildPhase;
			buildActionMask = 2147483647;
			files = (
			);
			runOnlyForDeploymentPostprocessing = 0;
		};
		4AA65BB51BB527B600C11084 /* Frameworks */ = {
			isa = PBXFrameworksBuildPhase;
			buildActionMask = 2147483647;
			files = (
			);
			runOnlyForDeploymentPostprocessing = 0;
		};
/* End PBXFrameworksBuildPhase section */

/* Begin PBXGroup section */
		4AA65B961BB527B600C11084 = {
			isa = PBXGroup;
			children = (
				4AA65BA11BB527B600C11084 /* lvl3ass1(CameraApp) */,
				4AA65BBB1BB527B600C11084 /* lvl3ass1(CameraApp)Tests */,
				4AA65BA01BB527B600C11084 /* Products */,
			);
			sourceTree = "<group>";
		};
		4AA65BA01BB527B600C11084 /* Products */ = {
			isa = PBXGroup;
			children = (
				4AA65B9F1BB527B600C11084 /* lvl3ass1(CameraApp).app */,
				4AA65BB81BB527B600C11084 /* lvl3ass1(CameraApp)Tests.xctest */,
			);
			name = Products;
			sourceTree = "<group>";
		};
		4AA65BA11BB527B600C11084 /* lvl3ass1(CameraApp) */ = {
			isa = PBXGroup;
			children = (
				4AA65BA61BB527B600C11084 /* AppDelegate.h */,
				4AA65BA71BB527B600C11084 /* AppDelegate.m */,
				4AA65BA91BB527B600C11084 /* ViewController.h */,
				4AA65BAA1BB527B600C11084 /* ViewController.m */,
				4AA65BAC1BB527B600C11084 /* Main.storyboard */,
				4AA65BAF1BB527B600C11084 /* Images.xcassets */,
				4AA65BB11BB527B600C11084 /* LaunchScreen.xib */,
				4AA65BA21BB527B600C11084 /* Supporting Files */,
			);
			path = "lvl3ass1(CameraApp)";
			sourceTree = "<group>";
		};
		4AA65BA21BB527B600C11084 /* Supporting Files */ = {
			isa = PBXGroup;
			children = (
				4AA65BA31BB527B600C11084 /* Info.plist */,
				4AA65BA41BB527B600C11084 /* main.m */,
			);
			name = "Supporting Files";
			sourceTree = "<group>";
		};
		4AA65BBB1BB527B600C11084 /* lvl3ass1(CameraApp)Tests */ = {
			isa = PBXGroup;
			children = (
				4AA65BBE1BB527B600C11084 /* lvl3ass1_CameraApp_Tests.m */,
				4AA65BBC1BB527B600C11084 /* Supporting Files */,
			);
			path = "lvl3ass1(CameraApp)Tests";
			sourceTree = "<group>";
		};
		4AA65BBC1BB527B600C11084 /* Supporting Files */ = {
			isa = PBXGroup;
			children = (
				4AA65BBD1BB527B600C11084 /* Info.plist */,
			);
			name = "Supporting Files";
			sourceTree = "<group>";
		};
/* End PBXGroup section */

/* Begin PBXNativeTarget section */
		4AA65B9E1BB527B600C11084 /* lvl3ass1(CameraApp) */ = {
			isa = PBXNativeTarget;
			buildConfigurationList = 4AA65BC21BB527B600C11084 /* Build configuration list for PBXNativeTarget "lvl3ass1(CameraApp)" */;
			buildPhases = (
				4AA65B9B1BB527B600C11084 /* Sources */,
				4AA65B9C1BB527B600C11084 /* Frameworks */,
				4AA65B9D1BB527B600C11084 /* Resources */,
			);
			buildRules = (
			);
			dependencies = (
			);
			name = "lvl3ass1(CameraApp)";
			productName = "lvl3ass1(CameraApp)";
			productReference = 4AA65B9F1BB527B600C11084 /* lvl3ass1(CameraApp).app */;
			productType = "com.apple.product-type.application";
		};
		4AA65BB71BB527B600C11084 /* lvl3ass1(CameraApp)Tests */ = {
			isa = PBXNativeTarget;
			buildConfigurationList = 4AA65BC51BB527B600C11084 /* Build configuration list for PBXNativeTarget "lvl3ass1(CameraApp)Tests" */;
			buildPhases = (
				4AA65BB41BB527B600C11084 /* Sources */,
				4AA65BB51BB527B600C11084 /* Frameworks */,
				4AA65BB61BB527B600C11084 /* Resources */,
			);
			buildRules = (
			);
			dependencies = (
				4AA65BBA1BB527B600C11084 /* PBXTargetDependency */,
			);
			name = "lvl3ass1(CameraApp)Tests";
			productName = "lvl3ass1(CameraApp)Tests";
			productReference = 4AA65BB81BB527B600C11084 /* lvl3ass1(CameraApp)Tests.xctest */;
			productType = "com.apple.product-type.bundle.unit-test";
		};
/* End PBXNativeTarget section */

/* Begin PBXProject section */
		4AA65B971BB527B600C11084 /* Project object */ = {
			isa = PBXProject;
			attributes = {
				LastUpgradeCheck = 0600;
				ORGANIZATIONNAME = "Mindstix Software";
				TargetAttributes = {
					4AA65B9E1BB527B600C11084 = {
						CreatedOnToolsVersion = 6.0;
					};
					4AA65BB71BB527B600C11084 = {
						CreatedOnToolsVersion = 6.0;
						TestTargetID = 4AA65B9E1BB527B600C11084;
					};
				};
			};
			buildConfigurationList = 4AA65B9A1BB527B600C11084 /* Build configuration list for PBXProject "lvl3ass1(CameraApp)" */;
			compatibilityVersion = "Xcode 3.2";
			developmentRegion = English;
			hasScannedForEncodings = 0;
			knownRegions = (
				en,
				Base,
			);
			mainGroup = 4AA65B961BB527B600C11084;
			productRefGroup = 4AA65BA01BB527B600C11084 /* Products */;
			projectDirPath = "";
			projectRoot = "";
			targets = (
				4AA65B9E1BB527B600C11084 /* lvl3ass1(CameraApp) */,
				4AA65BB71BB527B600C11084 /* lvl3ass1(CameraApp)Tests */,
			);
		};
/* End PBXProject section */

/* Begin PBXResourcesBuildPhase section */
		4AA65B9D1BB527B600C11084 /* Resources */ = {
			isa = PBXResourcesBuildPhase;
			buildActionMask = 2147483647;
			files = (
				4AA65BAE1BB527B600C11084 /* Main.storyboard in Resources */,
				4AA65BB31BB527B600C11084 /* LaunchScreen.xib in Resources */,
				4AA65BB01BB527B600C11084 /* Images.xcassets in Resources */,
			);
			runOnlyForDeploymentPostprocessing = 0;
		};
		4AA65BB61BB527B600C11084 /* Resources */ = {
			isa = PBXResourcesBuildPhase;
			buildActionMask = 2147483647;
			files = (
			);
			runOnlyForDeploymentPostprocessing = 0;
		};
/* End PBXResourcesBuildPhase section */

/* Begin PBXSourcesBuildPhase section */
		4AA65B9B1BB527B600C11084 /* Sources */ = {
			isa = PBXSourcesBuildPhase;
			buildActionMask = 2147483647;
			files = (
				4AA65BAB1BB527B600C11084 /* ViewController.m in Sources */,
				4AA65BA81BB527B600C11084 /* AppDelegate.m in Sources */,
				4AA65BA51BB527B600C11084 /* main.m in Sources */,
			);
			runOnlyForDeploymentPostprocessing = 0;
		};
		4AA65BB41BB527B600C11084 /* Sources */ = {
			isa = PBXSourcesBuildPhase;
			buildActionMask = 2147483647;
			files = (
				4AA65BBF1BB527B600C11084 /* lvl3ass1_CameraApp_Tests.m in Sources */,
			);
			runOnlyForDeploymentPostprocessing = 0;
		};
/* End PBXSourcesBuildPhase section */

/* Begin PBXTargetDependency section */
		4AA65BBA1BB527B600C11084 /* PBXTargetDependency */ = {
			isa = PBXTargetDependency;
			target = 4AA65B9E1BB527B600C11084 /* lvl3ass1(CameraApp) */;
			targetProxy = 4AA65BB91BB527B600C11084 /* PBXContainerItemProxy */;
		};
/* End PBXTargetDependency section */

/* Begin PBXVariantGroup section */
		4AA65BAC1BB527B600C11084 /* Main.storyboard */ = {
			isa = PBXVariantGroup;
			children = (
				4AA65BAD1BB527B600C11084 /* Base */,
			);
			name = Main.storyboard;
			sourceTree = "<group>";
		};
		4AA65BB11BB527B600C11084 /* LaunchScreen.xib */ = {
			isa = PBXVariantGroup;
			children = (
				4AA65BB21BB527B600C11084 /* Base */,
			);
			name = LaunchScreen.xib;
			sourceTree = "<group>";
		};
/* End PBXVariantGroup section */

/* Begin XCBuildConfiguration section */
		4AA65BC01BB527B600C11084 /* Debug */ = {
			isa = XCBuildConfiguration;
			buildSettings = {
				ALWAYS_SEARCH_USER_PATHS = NO;
				CLANG_CXX_LANGUAGE_STANDARD = "gnu++0x";
				CLANG_CXX_LIBRARY = "libc++";
				CLANG_ENABLE_MODULES = YES;
				CLANG_ENABLE_OBJC_ARC = YES;
				CLANG_WARN_BOOL_CONVERSION = YES;
				CLANG_WARN_CONSTANT_CONVERSION = YES;
				CLANG_WARN_DIRECT_OBJC_ISA_USAGE = YES_ERROR;
				CLANG_WARN_EMPTY_BODY = YES;
				CLANG_WARN_ENUM_CONVERSION = YES;
				CLANG_WARN_INT_CONVERSION = YES;
				CLANG_WARN_OBJC_ROOT_CLASS = YES_ERROR;
				CLANG_WARN_UNREACHABLE_CODE = YES;
				CLANG_WARN__DUPLICATE_METHOD_MATCH = YES;
				"CODE_SIGN_IDENTITY[sdk=iphoneos*]" = "iPhone Developer";
				COPY_PHASE_STRIP = NO;
				ENABLE_STRICT_OBJC_MSGSEND = YES;
				GCC_C_LANGUAGE_STANDARD = gnu99;
				GCC_DYNAMIC_NO_PIC = NO;
				GCC_OPTIMIZATION_LEVEL = 0;
				GCC_PREPROCESSOR_DEFINITIONS = (
					"DEBUG=1",
					"$(inherited)",
				);
				GCC_SYMBOLS_PRIVATE_EXTERN = NO;
				GCC_WARN_64_TO_32_BIT_CONVERSION = YES;
				GCC_WARN_ABOUT_RETURN_TYPE = YES_ERROR;
				GCC_WARN_UNDECLARED_SELECTOR = YES;
				GCC_WARN_UNINITIALIZED_AUTOS = YES_AGGRESSIVE;
				GCC_WARN_UNUSED_FUNCTION = YES;
				GCC_WARN_UNUSED_VARIABLE = YES;
				IPHONEOS_DEPLOYMENT_TARGET = 8.0;
				MTL_ENABLE_DEBUG_INFO = YES;
				ONLY_ACTIVE_ARCH = YES;
				SDKROOT = iphoneos;
			};
			name = Debug;
		};
		4AA65BC11BB527B600C11084 /* Release */ = {
			isa = XCBuildConfiguration;
			buildSettings = {
				ALWAYS_SEARCH_USER_PATHS = NO;
				CLANG_CXX_LANGUAGE_STANDARD = "gnu++0x";
				CLANG_CXX_LIBRARY = "libc++";
				CLANG_ENABLE_MODULES = YES;
				CLANG_ENABLE_OBJC_ARC = YES;
				CLANG_WARN_BOOL_CONVERSION = YES;
				CLANG_WARN_CONSTANT_CONVERSION = YES;
				CLANG_WARN_DIRECT_OBJC_ISA_USAGE = YES_ERROR;
				CLANG_WARN_EMPTY_BODY = YES;
				CLANG_WARN_ENUM_CONVERSION = YES;
				CLANG_WARN_INT_CONVERSION = YES;
				CLANG_WARN_OBJC_ROOT_CLASS = YES_ERROR;
				CLANG_WARN_UNREACHABLE_CODE = YES;
				CLANG_WARN__DUPLICATE_METHOD_MATCH = YES;
				"CODE_SIGN_IDENTITY[sdk=iphoneos*]" = "iPhone Developer";
				COPY_PHASE_STRIP = YES;
				ENABLE_NS_ASSERTIONS = NO;
				ENABLE_STRICT_OBJC_MSGSEND = YES;
				GCC_C_LANGUAGE_STANDARD = gnu99;
				GCC_WARN_64_TO_32_BIT_CONVERSION = YES;
				GCC_WARN_ABOUT_RETURN_TYPE = YES_ERROR;
				GCC_WARN_UNDECLARED_SELECTOR = YES;
				GCC_WARN_UNINITIALIZED_AUTOS = YES_AGGRESSIVE;
				GCC_WARN_UNUSED_FUNCTION = YES;
				GCC_WARN_UNUSED_VARIABLE = YES;
				IPHONEOS_DEPLOYMENT_TARGET = 8.0;
				MTL_ENABLE_DEBUG_INFO = NO;
				SDKROOT = iphoneos;
				VALIDATE_PRODUCT = YES;
			};
			name = Release;
		};
		4AA65BC31BB527B600C11084 /* Debug */ = {
			isa = XCBuildConfiguration;
			buildSettings = {
				ASSETCATALOG_COMPILER_APPICON_NAME = AppIcon;
				INFOPLIST_FILE = "lvl3ass1(CameraApp)/Info.plist";
				LD_RUNPATH_SEARCH_PATHS = "$(inherited) @executable_path/Frameworks";
				PRODUCT_NAME = "$(TARGET_NAME)";
			};
			name = Debug;
		};
		4AA65BC41BB527B600C11084 /* Release */ = {
			isa = XCBuildConfiguration;
			buildSettings = {
				ASSETCATALOG_COMPILER_APPICON_NAME = AppIcon;
				INFOPLIST_FILE = "lvl3ass1(CameraApp)/Info.plist";
				LD_RUNPATH_SEARCH_PATHS = "$(inherited) @executable_path/Frameworks";
				PRODUCT_NAME = "$(TARGET_NAME)";
			};
			name = Release;
		};
		4AA65BC61BB527B600C11084 /* Debug */ = {
			isa = XCBuildConfiguration;
			buildSettings = {
				BUNDLE_LOADER = "$(TEST_HOST)";
				FRAMEWORK_SEARCH_PATHS = (
					"$(SDKROOT)/Developer/Library/Frameworks",
					"$(inherited)",
				);
				GCC_PREPROCESSOR_DEFINITIONS = (
					"DEBUG=1",
					"$(inherited)",
				);
				INFOPLIST_FILE = "lvl3ass1(CameraApp)Tests/Info.plist";
				LD_RUNPATH_SEARCH_PATHS = "$(inherited) @executable_path/Frameworks @loader_path/Frameworks";
				PRODUCT_NAME = "$(TARGET_NAME)";
				TEST_HOST = "$(BUILT_PRODUCTS_DIR)/lvl3ass1(CameraApp).app/lvl3ass1(CameraApp)";
			};
			name = Debug;
		};
		4AA65BC71BB527B600C11084 /* Release */ = {
			isa = XCBuildConfiguration;
			buildSettings = {
				BUNDLE_LOADER = "$(TEST_HOST)";
				FRAMEWORK_SEARCH_PATHS = (
					"$(SDKROOT)/Developer/Library/Frameworks",
					"$(inherited)",
				);
				INFOPLIST_FILE = "lvl3ass1(CameraApp)Tests/Info.plist";
				LD_RUNPATH_SEARCH_PATHS = "$(inherited) @executable_path/Frameworks @loader_path/Frameworks";
				PRODUCT_NAME = "$(TARGET_NAME)";
				TEST_HOST = "$(BUILT_PRODUCTS_DIR)/lvl3ass1(CameraApp).app/lvl3ass1(CameraApp)";
			};
			name = Release;
		};
/* End XCBuildConfiguration section */

/* Begin XCConfigurationList section */
		4AA65B9A1BB527B600C11084 /* Build configuration list for PBXProject "lvl3ass1(CameraApp)" */ = {
			isa = XCConfigurationList;
			buildConfigurations = (
				4AA65BC01BB527B600C11084 /* Debug */,
				4AA65BC11BB527B600C11084 /* Release */,
			);
			defaultConfigurationIsVisible = 0;
			defaultConfigurationName = Release;
		};
		4AA65BC21BB527B600C11084 /* Build configuration list for PBXNativeTarget "lvl3ass1(CameraApp)" */ = {
			isa = XCConfigurationList;
			buildConfigurations = (
				4AA65BC31BB527B600C11084 /* Debug */,
				4AA65BC41BB527B600C11084 /* Release */,
			);
			defaultConfigurationIsVisible = 0;
		};
		4AA65BC51BB527B600C11084 /* Build configuration list for PBXNativeTarget "lvl3ass1(CameraApp)Tests" */ = {
			isa = XCConfigurationList;
			buildConfigurations = (
				4AA65BC61BB527B600C11084 /* Debug */,
				4AA65BC71BB527B600C11084 /* Release */,
			);
			defaultConfigurationIsVisible = 0;
		};
/* End XCConfigurationList section */
	};
	rootObject = 4AA65B971BB527B600C11084 /* Project object */;
}
