// !$*UTF8*$!
{
	archiveVersion = 1;
	classes = {
	};
	objectVersion = 46;
	objects = {

/* Begin PBXBuildFile section */
		4A27D47E1BB93DA7002127D0 /* main.m in Sources */ = {isa = PBXBuildFile; fileRef = 4A27D47D1BB93DA7002127D0 /* main.m */; };
		4A27D4811BB93DA7002127D0 /* AppDelegate.m in Sources */ = {isa = PBXBuildFile; fileRef = 4A27D4801BB93DA7002127D0 /* AppDelegate.m */; };
		4A27D4871BB93DA7002127D0 /* Main.storyboard in Resources */ = {isa = PBXBuildFile; fileRef = 4A27D4851BB93DA7002127D0 /* Main.storyboard */; };
		4A27D4891BB93DA7002127D0 /* Images.xcassets in Resources */ = {isa = PBXBuildFile; fileRef = 4A27D4881BB93DA7002127D0 /* Images.xcassets */; };
		4A27D48C1BB93DA7002127D0 /* LaunchScreen.xib in Resources */ = {isa = PBXBuildFile; fileRef = 4A27D48A1BB93DA7002127D0 /* LaunchScreen.xib */; };
		4A27D4981BB93DA7002127D0 /* level4Assignment1_AddToCart_Tests.m in Sources */ = {isa = PBXBuildFile; fileRef = 4A27D4971BB93DA7002127D0 /* level4Assignment1_AddToCart_Tests.m */; };
		4A27D4A31BB94AED002127D0 /* FirstTableViewController.m in Sources */ = {isa = PBXBuildFile; fileRef = 4A27D4A21BB94AED002127D0 /* FirstTableViewController.m */; };
		4A27D4A61BB94B2A002127D0 /* SecondTableViewController.m in Sources */ = {isa = PBXBuildFile; fileRef = 4A27D4A51BB94B2A002127D0 /* SecondTableViewController.m */; };
		4A27D4A91BB94CC8002127D0 /* ThirdViewController.m in Sources */ = {isa = PBXBuildFile; fileRef = 4A27D4A81BB94CC8002127D0 /* ThirdViewController.m */; };
		4A27D4BD1BB94F58002127D0 /* Category.json in Resources */ = {isa = PBXBuildFile; fileRef = 4A27D4AA1BB94F58002127D0 /* Category.json */; };
		4A27D4BE1BB94F58002127D0 /* airbacringbackpack.jpeg in Resources */ = {isa = PBXBuildFile; fileRef = 4A27D4AC1BB94F58002127D0 /* airbacringbackpack.jpeg */; };
		4A27D4BF1BB94F58002127D0 /* artbinsupersatchel.jpeg in Resources */ = {isa = PBXBuildFile; fileRef = 4A27D4AD1BB94F58002127D0 /* artbinsupersatchel.jpeg */; };
		4A27D4C01BB94F58002127D0 /* blackbullSA203.jpeg in Resources */ = {isa = PBXBuildFile; fileRef = 4A27D4AE1BB94F58002127D0 /* blackbullSA203.jpeg */; };
		4A27D4C11BB94F58002127D0 /* cart.png in Resources */ = {isa = PBXBuildFile; fileRef = 4A27D4AF1BB94F58002127D0 /* cart.png */; };
		4A27D4C21BB94F58002127D0 /* desktopstorage.jpeg in Resources */ = {isa = PBXBuildFile; fileRef = 4A27D4B01BB94F58002127D0 /* desktopstorage.jpeg */; };
		4A27D4C31BB94F58002127D0 /* dwioakwoodada.jpeg in Resources */ = {isa = PBXBuildFile; fileRef = 4A27D4B11BB94F58002127D0 /* dwioakwoodada.jpeg */; };
		4A27D4C41BB94F58002127D0 /* hammermillcolorcopy.jpeg in Resources */ = {isa = PBXBuildFile; fileRef = 4A27D4B21BB94F58002127D0 /* hammermillcolorcopy.jpeg */; };
		4A27D4C51BB94F58002127D0 /* hpofficepaper.jpeg in Resources */ = {isa = PBXBuildFile; fileRef = 4A27D4B31BB94F58002127D0 /* hpofficepaper.jpeg */; };
		4A27D4C61BB94F58002127D0 /* jansportallpurposebags.jpeg in Resources */ = {isa = PBXBuildFile; fileRef = 4A27D4B41BB94F58002127D0 /* jansportallpurposebags.jpeg */; };
		4A27D4C71BB94F58002127D0 /* mutualindustriesgloves.jpeg in Resources */ = {isa = PBXBuildFile; fileRef = 4A27D4B51BB94F58002127D0 /* mutualindustriesgloves.jpeg */; };
		4A27D4C81BB94F58002127D0 /* premiumawardcertificate.jpeg in Resources */ = {isa = PBXBuildFile; fileRef = 4A27D4B61BB94F58002127D0 /* premiumawardcertificate.jpeg */; };
		4A27D4C91BB94F58002127D0 /* rectangularhandheldmagnifier.jpeg in Resources */ = {isa = PBXBuildFile; fileRef = 4A27D4B71BB94F58002127D0 /* rectangularhandheldmagnifier.jpeg */; };
		4A27D4CA1BB94F58002127D0 /* simplyviewbinder.jpeg in Resources */ = {isa = PBXBuildFile; fileRef = 4A27D4B81BB94F58002127D0 /* simplyviewbinder.jpeg */; };
		4A27D4CB1BB94F58002127D0 /* staples4-drawer.jpeg in Resources */ = {isa = PBXBuildFile; fileRef = 4A27D4B91BB94F58002127D0 /* staples4-drawer.jpeg */; };
		4A27D4CC1BB94F58002127D0 /* staplescopypaper.jpeg in Resources */ = {isa = PBXBuildFile; fileRef = 4A27D4BA1BB94F58002127D0 /* staplescopypaper.jpeg */; };
		4A27D4CD1BB94F58002127D0 /* summerheavyduty.jpeg in Resources */ = {isa = PBXBuildFile; fileRef = 4A27D4BB1BB94F58002127D0 /* summerheavyduty.jpeg */; };
		4A27D4CE1BB94F58002127D0 /* swissgearbackpack.jpeg in Resources */ = {isa = PBXBuildFile; fileRef = 4A27D4BC1BB94F58002127D0 /* swissgearbackpack.jpeg */; };
		4A27D4D11BB9777F002127D0 /* singletonClass.m in Sources */ = {isa = PBXBuildFile; fileRef = 4A27D4D01BB9777F002127D0 /* singletonClass.m */; };
		4A27D4D41BB97F1F002127D0 /* cartViewController.m in Sources */ = {isa = PBXBuildFile; fileRef = 4A27D4D31BB97F1F002127D0 /* cartViewController.m */; };
		4A6359DA1BBA718800C164CD /* PaymentTableViewController.m in Sources */ = {isa = PBXBuildFile; fileRef = 4A6359D91BBA718800C164CD /* PaymentTableViewController.m */; };
/* End PBXBuildFile section */

/* Begin PBXContainerItemProxy section */
		4A27D4921BB93DA7002127D0 /* PBXContainerItemProxy */ = {
			isa = PBXContainerItemProxy;
			containerPortal = 4A27D4701BB93DA7002127D0 /* Project object */;
			proxyType = 1;
			remoteGlobalIDString = 4A27D4771BB93DA7002127D0;
			remoteInfo = "level4Assignment1(AddToCart)";
		};
/* End PBXContainerItemProxy section */

/* Begin PBXFileReference section */
		4A27D4781BB93DA7002127D0 /* level4Assignment1(AddToCart).app */ = {isa = PBXFileReference; explicitFileType = wrapper.application; includeInIndex = 0; path = "level4Assignment1(AddToCart).app"; sourceTree = BUILT_PRODUCTS_DIR; };
		4A27D47C1BB93DA7002127D0 /* Info.plist */ = {isa = PBXFileReference; lastKnownFileType = text.plist.xml; path = Info.plist; sourceTree = "<group>"; };
		4A27D47D1BB93DA7002127D0 /* main.m */ = {isa = PBXFileReference; lastKnownFileType = sourcecode.c.objc; path = main.m; sourceTree = "<group>"; };
		4A27D47F1BB93DA7002127D0 /* AppDelegate.h */ = {isa = PBXFileReference; lastKnownFileType = sourcecode.c.h; path = AppDelegate.h; sourceTree = "<group>"; };
		4A27D4801BB93DA7002127D0 /* AppDelegate.m */ = {isa = PBXFileReference; lastKnownFileType = sourcecode.c.objc; path = AppDelegate.m; sourceTree = "<group>"; };
		4A27D4861BB93DA7002127D0 /* Base */ = {isa = PBXFileReference; lastKnownFileType = file.storyboard; name = Base; path = Base.lproj/Main.storyboard; sourceTree = "<group>"; };
		4A27D4881BB93DA7002127D0 /* Images.xcassets */ = {isa = PBXFileReference; lastKnownFileType = folder.assetcatalog; path = Images.xcassets; sourceTree = "<group>"; };
		4A27D48B1BB93DA7002127D0 /* Base */ = {isa = PBXFileReference; lastKnownFileType = file.xib; name = Base; path = Base.lproj/LaunchScreen.xib; sourceTree = "<group>"; };
		4A27D4911BB93DA7002127D0 /* level4Assignment1(AddToCart)Tests.xctest */ = {isa = PBXFileReference; explicitFileType = wrapper.cfbundle; includeInIndex = 0; path = "level4Assignment1(AddToCart)Tests.xctest"; sourceTree = BUILT_PRODUCTS_DIR; };
		4A27D4961BB93DA7002127D0 /* Info.plist */ = {isa = PBXFileReference; lastKnownFileType = text.plist.xml; path = Info.plist; sourceTree = "<group>"; };
		4A27D4971BB93DA7002127D0 /* level4Assignment1_AddToCart_Tests.m */ = {isa = PBXFileReference; lastKnownFileType = sourcecode.c.objc; path = level4Assignment1_AddToCart_Tests.m; sourceTree = "<group>"; };
		4A27D4A11BB94AED002127D0 /* FirstTableViewController.h */ = {isa = PBXFileReference; fileEncoding = 4; lastKnownFileType = sourcecode.c.h; path = FirstTableViewController.h; sourceTree = "<group>"; };
		4A27D4A21BB94AED002127D0 /* FirstTableViewController.m */ = {isa = PBXFileReference; fileEncoding = 4; lastKnownFileType = sourcecode.c.objc; path = FirstTableViewController.m; sourceTree = "<group>"; };
		4A27D4A41BB94B29002127D0 /* SecondTableViewController.h */ = {isa = PBXFileReference; fileEncoding = 4; lastKnownFileType = sourcecode.c.h; path = SecondTableViewController.h; sourceTree = "<group>"; };
		4A27D4A51BB94B2A002127D0 /* SecondTableViewController.m */ = {isa = PBXFileReference; fileEncoding = 4; lastKnownFileType = sourcecode.c.objc; path = SecondTableViewController.m; sourceTree = "<group>"; };
		4A27D4A71BB94CC8002127D0 /* ThirdViewController.h */ = {isa = PBXFileReference; fileEncoding = 4; lastKnownFileType = sourcecode.c.h; path = ThirdViewController.h; sourceTree = "<group>"; };
		4A27D4A81BB94CC8002127D0 /* ThirdViewController.m */ = {isa = PBXFileReference; fileEncoding = 4; lastKnownFileType = sourcecode.c.objc; path = ThirdViewController.m; sourceTree = "<group>"; };
		4A27D4AA1BB94F58002127D0 /* Category.json */ = {isa = PBXFileReference; fileEncoding = 4; lastKnownFileType = text.json; path = Category.json; sourceTree = "<group>"; };
		4A27D4AC1BB94F58002127D0 /* airbacringbackpack.jpeg */ = {isa = PBXFileReference; lastKnownFileType = image.jpeg; path = airbacringbackpack.jpeg; sourceTree = "<group>"; };
		4A27D4AD1BB94F58002127D0 /* artbinsupersatchel.jpeg */ = {isa = PBXFileReference; lastKnownFileType = image.jpeg; path = artbinsupersatchel.jpeg; sourceTree = "<group>"; };
		4A27D4AE1BB94F58002127D0 /* blackbullSA203.jpeg */ = {isa = PBXFileReference; lastKnownFileType = image.jpeg; path = blackbullSA203.jpeg; sourceTree = "<group>"; };
		4A27D4AF1BB94F58002127D0 /* cart.png */ = {isa = PBXFileReference; lastKnownFileType = image.png; path = cart.png; sourceTree = "<group>"; };
		4A27D4B01BB94F58002127D0 /* desktopstorage.jpeg */ = {isa = PBXFileReference; lastKnownFileType = image.jpeg; path = desktopstorage.jpeg; sourceTree = "<group>"; };
		4A27D4B11BB94F58002127D0 /* dwioakwoodada.jpeg */ = {isa = PBXFileReference; lastKnownFileType = image.jpeg; path = dwioakwoodada.jpeg; sourceTree = "<group>"; };
		4A27D4B21BB94F58002127D0 /* hammermillcolorcopy.jpeg */ = {isa = PBXFileReference; lastKnownFileType = image.jpeg; path = hammermillcolorcopy.jpeg; sourceTree = "<group>"; };
		4A27D4B31BB94F58002127D0 /* hpofficepaper.jpeg */ = {isa = PBXFileReference; lastKnownFileType = image.jpeg; path = hpofficepaper.jpeg; sourceTree = "<group>"; };
		4A27D4B41BB94F58002127D0 /* jansportallpurposebags.jpeg */ = {isa = PBXFileReference; lastKnownFileType = image.jpeg; path = jansportallpurposebags.jpeg; sourceTree = "<group>"; };
		4A27D4B51BB94F58002127D0 /* mutualindustriesgloves.jpeg */ = {isa = PBXFileReference; lastKnownFileType = image.jpeg; path = mutualindustriesgloves.jpeg; sourceTree = "<group>"; };
		4A27D4B61BB94F58002127D0 /* premiumawardcertificate.jpeg */ = {isa = PBXFileReference; lastKnownFileType = image.jpeg; path = premiumawardcertificate.jpeg; sourceTree = "<group>"; };
		4A27D4B71BB94F58002127D0 /* rectangularhandheldmagnifier.jpeg */ = {isa = PBXFileReference; lastKnownFileType = image.jpeg; path = rectangularhandheldmagnifier.jpeg; sourceTree = "<group>"; };
		4A27D4B81BB94F58002127D0 /* simplyviewbinder.jpeg */ = {isa = PBXFileReference; lastKnownFileType = image.jpeg; path = simplyviewbinder.jpeg; sourceTree = "<group>"; };
		4A27D4B91BB94F58002127D0 /* staples4-drawer.jpeg */ = {isa = PBXFileReference; lastKnownFileType = image.jpeg; path = "staples4-drawer.jpeg"; sourceTree = "<group>"; };
		4A27D4BA1BB94F58002127D0 /* staplescopypaper.jpeg */ = {isa = PBXFileReference; lastKnownFileType = image.jpeg; path = staplescopypaper.jpeg; sourceTree = "<group>"; };
		4A27D4BB1BB94F58002127D0 /* summerheavyduty.jpeg */ = {isa = PBXFileReference; lastKnownFileType = image.jpeg; path = summerheavyduty.jpeg; sourceTree = "<group>"; };
		4A27D4BC1BB94F58002127D0 /* swissgearbackpack.jpeg */ = {isa = PBXFileReference; lastKnownFileType = image.jpeg; path = swissgearbackpack.jpeg; sourceTree = "<group>"; };
		4A27D4CF1BB9777F002127D0 /* singletonClass.h */ = {isa = PBXFileReference; fileEncoding = 4; lastKnownFileType = sourcecode.c.h; path = singletonClass.h; sourceTree = "<group>"; };
		4A27D4D01BB9777F002127D0 /* singletonClass.m */ = {isa = PBXFileReference; fileEncoding = 4; lastKnownFileType = sourcecode.c.objc; path = singletonClass.m; sourceTree = "<group>"; };
		4A27D4D21BB97F1F002127D0 /* cartViewController.h */ = {isa = PBXFileReference; fileEncoding = 4; lastKnownFileType = sourcecode.c.h; path = cartViewController.h; sourceTree = "<group>"; };
		4A27D4D31BB97F1F002127D0 /* cartViewController.m */ = {isa = PBXFileReference; fileEncoding = 4; lastKnownFileType = sourcecode.c.objc; path = cartViewController.m; sourceTree = "<group>"; };
		4A6359D81BBA718800C164CD /* PaymentTableViewController.h */ = {isa = PBXFileReference; fileEncoding = 4; lastKnownFileType = sourcecode.c.h; path = PaymentTableViewController.h; sourceTree = "<group>"; };
		4A6359D91BBA718800C164CD /* PaymentTableViewController.m */ = {isa = PBXFileReference; fileEncoding = 4; lastKnownFileType = sourcecode.c.objc; path = PaymentTableViewController.m; sourceTree = "<group>"; };
/* End PBXFileReference section */

/* Begin PBXFrameworksBuildPhase section */
		4A27D4751BB93DA7002127D0 /* Frameworks */ = {
			isa = PBXFrameworksBuildPhase;
			buildActionMask = 2147483647;
			files = (
			);
			runOnlyForDeploymentPostprocessing = 0;
		};
		4A27D48E1BB93DA7002127D0 /* Frameworks */ = {
			isa = PBXFrameworksBuildPhase;
			buildActionMask = 2147483647;
			files = (
			);
			runOnlyForDeploymentPostprocessing = 0;
		};
/* End PBXFrameworksBuildPhase section */

/* Begin PBXGroup section */
		4A27D46F1BB93DA7002127D0 = {
			isa = PBXGroup;
			children = (
				4A27D4A11BB94AED002127D0 /* FirstTableViewController.h */,
				4A27D4A21BB94AED002127D0 /* FirstTableViewController.m */,
				4A27D47A1BB93DA7002127D0 /* level4Assignment1(AddToCart) */,
				4A27D4941BB93DA7002127D0 /* level4Assignment1(AddToCart)Tests */,
				4A27D4791BB93DA7002127D0 /* Products */,
			);
			sourceTree = "<group>";
		};
		4A27D4791BB93DA7002127D0 /* Products */ = {
			isa = PBXGroup;
			children = (
				4A27D4781BB93DA7002127D0 /* level4Assignment1(AddToCart).app */,
				4A27D4911BB93DA7002127D0 /* level4Assignment1(AddToCart)Tests.xctest */,
			);
			name = Products;
			sourceTree = "<group>";
		};
		4A27D47A1BB93DA7002127D0 /* level4Assignment1(AddToCart) */ = {
			isa = PBXGroup;
			children = (
				4A27D47F1BB93DA7002127D0 /* AppDelegate.h */,
				4A27D4801BB93DA7002127D0 /* AppDelegate.m */,
				4A27D4851BB93DA7002127D0 /* Main.storyboard */,
				4A6359D81BBA718800C164CD /* PaymentTableViewController.h */,
				4A6359D91BBA718800C164CD /* PaymentTableViewController.m */,
				4A27D4D21BB97F1F002127D0 /* cartViewController.h */,
				4A27D4D31BB97F1F002127D0 /* cartViewController.m */,
				4A27D4CF1BB9777F002127D0 /* singletonClass.h */,
				4A27D4D01BB9777F002127D0 /* singletonClass.m */,
				4A27D4A71BB94CC8002127D0 /* ThirdViewController.h */,
				4A27D4A81BB94CC8002127D0 /* ThirdViewController.m */,
				4A27D4A41BB94B29002127D0 /* SecondTableViewController.h */,
				4A27D4A51BB94B2A002127D0 /* SecondTableViewController.m */,
				4A27D4881BB93DA7002127D0 /* Images.xcassets */,
				4A27D48A1BB93DA7002127D0 /* LaunchScreen.xib */,
				4A27D47B1BB93DA7002127D0 /* Supporting Files */,
			);
			path = "level4Assignment1(AddToCart)";
			sourceTree = "<group>";
		};
		4A27D47B1BB93DA7002127D0 /* Supporting Files */ = {
			isa = PBXGroup;
			children = (
				4A27D4AB1BB94F58002127D0 /* Images */,
				4A27D4AA1BB94F58002127D0 /* Category.json */,
				4A27D47C1BB93DA7002127D0 /* Info.plist */,
				4A27D47D1BB93DA7002127D0 /* main.m */,
			);
			name = "Supporting Files";
			sourceTree = "<group>";
		};
		4A27D4941BB93DA7002127D0 /* level4Assignment1(AddToCart)Tests */ = {
			isa = PBXGroup;
			children = (
				4A27D4971BB93DA7002127D0 /* level4Assignment1_AddToCart_Tests.m */,
				4A27D4951BB93DA7002127D0 /* Supporting Files */,
			);
			path = "level4Assignment1(AddToCart)Tests";
			sourceTree = "<group>";
		};
		4A27D4951BB93DA7002127D0 /* Supporting Files */ = {
			isa = PBXGroup;
			children = (
				4A27D4961BB93DA7002127D0 /* Info.plist */,
			);
			name = "Supporting Files";
			sourceTree = "<group>";
		};
		4A27D4AB1BB94F58002127D0 /* Images */ = {
			isa = PBXGroup;
			children = (
				4A27D4AC1BB94F58002127D0 /* airbacringbackpack.jpeg */,
				4A27D4AD1BB94F58002127D0 /* artbinsupersatchel.jpeg */,
				4A27D4AE1BB94F58002127D0 /* blackbullSA203.jpeg */,
				4A27D4AF1BB94F58002127D0 /* cart.png */,
				4A27D4B01BB94F58002127D0 /* desktopstorage.jpeg */,
				4A27D4B11BB94F58002127D0 /* dwioakwoodada.jpeg */,
				4A27D4B21BB94F58002127D0 /* hammermillcolorcopy.jpeg */,
				4A27D4B31BB94F58002127D0 /* hpofficepaper.jpeg */,
				4A27D4B41BB94F58002127D0 /* jansportallpurposebags.jpeg */,
				4A27D4B51BB94F58002127D0 /* mutualindustriesgloves.jpeg */,
				4A27D4B61BB94F58002127D0 /* premiumawardcertificate.jpeg */,
				4A27D4B71BB94F58002127D0 /* rectangularhandheldmagnifier.jpeg */,
				4A27D4B81BB94F58002127D0 /* simplyviewbinder.jpeg */,
				4A27D4B91BB94F58002127D0 /* staples4-drawer.jpeg */,
				4A27D4BA1BB94F58002127D0 /* staplescopypaper.jpeg */,
				4A27D4BB1BB94F58002127D0 /* summerheavyduty.jpeg */,
				4A27D4BC1BB94F58002127D0 /* swissgearbackpack.jpeg */,
			);
			path = Images;
			sourceTree = "<group>";
		};
/* End PBXGroup section */

/* Begin PBXNativeTarget section */
		4A27D4771BB93DA7002127D0 /* level4Assignment1(AddToCart) */ = {
			isa = PBXNativeTarget;
			buildConfigurationList = 4A27D49B1BB93DA7002127D0 /* Build configuration list for PBXNativeTarget "level4Assignment1(AddToCart)" */;
			buildPhases = (
				4A27D4741BB93DA7002127D0 /* Sources */,
				4A27D4751BB93DA7002127D0 /* Frameworks */,
				4A27D4761BB93DA7002127D0 /* Resources */,
			);
			buildRules = (
			);
			dependencies = (
			);
			name = "level4Assignment1(AddToCart)";
			productName = "level4Assignment1(AddToCart)";
			productReference = 4A27D4781BB93DA7002127D0 /* level4Assignment1(AddToCart).app */;
			productType = "com.apple.product-type.application";
		};
		4A27D4901BB93DA7002127D0 /* level4Assignment1(AddToCart)Tests */ = {
			isa = PBXNativeTarget;
			buildConfigurationList = 4A27D49E1BB93DA7002127D0 /* Build configuration list for PBXNativeTarget "level4Assignment1(AddToCart)Tests" */;
			buildPhases = (
				4A27D48D1BB93DA7002127D0 /* Sources */,
				4A27D48E1BB93DA7002127D0 /* Frameworks */,
				4A27D48F1BB93DA7002127D0 /* Resources */,
			);
			buildRules = (
			);
			dependencies = (
				4A27D4931BB93DA7002127D0 /* PBXTargetDependency */,
			);
			name = "level4Assignment1(AddToCart)Tests";
			productName = "level4Assignment1(AddToCart)Tests";
			productReference = 4A27D4911BB93DA7002127D0 /* level4Assignment1(AddToCart)Tests.xctest */;
			productType = "com.apple.product-type.bundle.unit-test";
		};
/* End PBXNativeTarget section */

/* Begin PBXProject section */
		4A27D4701BB93DA7002127D0 /* Project object */ = {
			isa = PBXProject;
			attributes = {
				LastUpgradeCheck = 0600;
				ORGANIZATIONNAME = "Mindstix Software";
				TargetAttributes = {
					4A27D4771BB93DA7002127D0 = {
						CreatedOnToolsVersion = 6.0;
					};
					4A27D4901BB93DA7002127D0 = {
						CreatedOnToolsVersion = 6.0;
						TestTargetID = 4A27D4771BB93DA7002127D0;
					};
				};
			};
			buildConfigurationList = 4A27D4731BB93DA7002127D0 /* Build configuration list for PBXProject "level4Assignment1(AddToCart)" */;
			compatibilityVersion = "Xcode 3.2";
			developmentRegion = English;
			hasScannedForEncodings = 0;
			knownRegions = (
				en,
				Base,
			);
			mainGroup = 4A27D46F1BB93DA7002127D0;
			productRefGroup = 4A27D4791BB93DA7002127D0 /* Products */;
			projectDirPath = "";
			projectRoot = "";
			targets = (
				4A27D4771BB93DA7002127D0 /* level4Assignment1(AddToCart) */,
				4A27D4901BB93DA7002127D0 /* level4Assignment1(AddToCart)Tests */,
			);
		};
/* End PBXProject section */

/* Begin PBXResourcesBuildPhase section */
		4A27D4761BB93DA7002127D0 /* Resources */ = {
			isa = PBXResourcesBuildPhase;
			buildActionMask = 2147483647;
			files = (
				4A27D4CA1BB94F58002127D0 /* simplyviewbinder.jpeg in Resources */,
				4A27D4CE1BB94F58002127D0 /* swissgearbackpack.jpeg in Resources */,
				4A27D4BF1BB94F58002127D0 /* artbinsupersatchel.jpeg in Resources */,
				4A27D4C71BB94F58002127D0 /* mutualindustriesgloves.jpeg in Resources */,
				4A27D4C01BB94F58002127D0 /* blackbullSA203.jpeg in Resources */,
				4A27D4C81BB94F58002127D0 /* premiumawardcertificate.jpeg in Resources */,
				4A27D4871BB93DA7002127D0 /* Main.storyboard in Resources */,
				4A27D4C91BB94F58002127D0 /* rectangularhandheldmagnifier.jpeg in Resources */,
				4A27D4CC1BB94F58002127D0 /* staplescopypaper.jpeg in Resources */,
				4A27D48C1BB93DA7002127D0 /* LaunchScreen.xib in Resources */,
				4A27D4891BB93DA7002127D0 /* Images.xcassets in Resources */,
				4A27D4C11BB94F58002127D0 /* cart.png in Resources */,
				4A27D4CB1BB94F58002127D0 /* staples4-drawer.jpeg in Resources */,
				4A27D4C31BB94F58002127D0 /* dwioakwoodada.jpeg in Resources */,
				4A27D4BD1BB94F58002127D0 /* Category.json in Resources */,
				4A27D4C41BB94F58002127D0 /* hammermillcolorcopy.jpeg in Resources */,
				4A27D4BE1BB94F58002127D0 /* airbacringbackpack.jpeg in Resources */,
				4A27D4CD1BB94F58002127D0 /* summerheavyduty.jpeg in Resources */,
				4A27D4C51BB94F58002127D0 /* hpofficepaper.jpeg in Resources */,
				4A27D4C61BB94F58002127D0 /* jansportallpurposebags.jpeg in Resources */,
				4A27D4C21BB94F58002127D0 /* desktopstorage.jpeg in Resources */,
			);
			runOnlyForDeploymentPostprocessing = 0;
		};
		4A27D48F1BB93DA7002127D0 /* Resources */ = {
			isa = PBXResourcesBuildPhase;
			buildActionMask = 2147483647;
			files = (
			);
			runOnlyForDeploymentPostprocessing = 0;
		};
/* End PBXResourcesBuildPhase section */

/* Begin PBXSourcesBuildPhase section */
		4A27D4741BB93DA7002127D0 /* Sources */ = {
			isa = PBXSourcesBuildPhase;
			buildActionMask = 2147483647;
			files = (
				4A27D4811BB93DA7002127D0 /* AppDelegate.m in Sources */,
				4A27D4A91BB94CC8002127D0 /* ThirdViewController.m in Sources */,
				4A27D4D11BB9777F002127D0 /* singletonClass.m in Sources */,
				4A27D4A61BB94B2A002127D0 /* SecondTableViewController.m in Sources */,
				4A6359DA1BBA718800C164CD /* PaymentTableViewController.m in Sources */,
				4A27D47E1BB93DA7002127D0 /* main.m in Sources */,
				4A27D4A31BB94AED002127D0 /* FirstTableViewController.m in Sources */,
				4A27D4D41BB97F1F002127D0 /* cartViewController.m in Sources */,
			);
			runOnlyForDeploymentPostprocessing = 0;
		};
		4A27D48D1BB93DA7002127D0 /* Sources */ = {
			isa = PBXSourcesBuildPhase;
			buildActionMask = 2147483647;
			files = (
				4A27D4981BB93DA7002127D0 /* level4Assignment1_AddToCart_Tests.m in Sources */,
			);
			runOnlyForDeploymentPostprocessing = 0;
		};
/* End PBXSourcesBuildPhase section */

/* Begin PBXTargetDependency section */
		4A27D4931BB93DA7002127D0 /* PBXTargetDependency */ = {
			isa = PBXTargetDependency;
			target = 4A27D4771BB93DA7002127D0 /* level4Assignment1(AddToCart) */;
			targetProxy = 4A27D4921BB93DA7002127D0 /* PBXContainerItemProxy */;
		};
/* End PBXTargetDependency section */

/* Begin PBXVariantGroup section */
		4A27D4851BB93DA7002127D0 /* Main.storyboard */ = {
			isa = PBXVariantGroup;
			children = (
				4A27D4861BB93DA7002127D0 /* Base */,
			);
			name = Main.storyboard;
			sourceTree = "<group>";
		};
		4A27D48A1BB93DA7002127D0 /* LaunchScreen.xib */ = {
			isa = PBXVariantGroup;
			children = (
				4A27D48B1BB93DA7002127D0 /* Base */,
			);
			name = LaunchScreen.xib;
			sourceTree = "<group>";
		};
/* End PBXVariantGroup section */

/* Begin XCBuildConfiguration section */
		4A27D4991BB93DA7002127D0 /* Debug */ = {
			isa = XCBuildConfiguration;
			buildSettings = {
				ALWAYS_SEARCH_USER_PATHS = NO;
				CLANG_CXX_LANGUAGE_STANDARD = "gnu++0x";
				CLANG_CXX_LIBRARY = "libc++";
				CLANG_ENABLE_MODULES = YES;
				CLANG_ENABLE_OBJC_ARC = YES;
				CLANG_WARN_BOOL_CONVERSION = YES;
				CLANG_WARN_CONSTANT_CONVERSION = YES;
				CLANG_WARN_DIRECT_OBJC_ISA_USAGE = YES_ERROR;
				CLANG_WARN_EMPTY_BODY = YES;
				CLANG_WARN_ENUM_CONVERSION = YES;
				CLANG_WARN_INT_CONVERSION = YES;
				CLANG_WARN_OBJC_ROOT_CLASS = YES_ERROR;
				CLANG_WARN_UNREACHABLE_CODE = YES;
				CLANG_WARN__DUPLICATE_METHOD_MATCH = YES;
				"CODE_SIGN_IDENTITY[sdk=iphoneos*]" = "iPhone Developer";
				COPY_PHASE_STRIP = NO;
				ENABLE_STRICT_OBJC_MSGSEND = YES;
				GCC_C_LANGUAGE_STANDARD = gnu99;
				GCC_DYNAMIC_NO_PIC = NO;
				GCC_OPTIMIZATION_LEVEL = 0;
				GCC_PREPROCESSOR_DEFINITIONS = (
					"DEBUG=1",
					"$(inherited)",
				);
				GCC_SYMBOLS_PRIVATE_EXTERN = NO;
				GCC_WARN_64_TO_32_BIT_CONVERSION = YES;
				GCC_WARN_ABOUT_RETURN_TYPE = YES_ERROR;
				GCC_WARN_UNDECLARED_SELECTOR = YES;
				GCC_WARN_UNINITIALIZED_AUTOS = YES_AGGRESSIVE;
				GCC_WARN_UNUSED_FUNCTION = YES;
				GCC_WARN_UNUSED_VARIABLE = YES;
				IPHONEOS_DEPLOYMENT_TARGET = 8.0;
				MTL_ENABLE_DEBUG_INFO = YES;
				ONLY_ACTIVE_ARCH = YES;
				SDKROOT = iphoneos;
			};
			name = Debug;
		};
		4A27D49A1BB93DA7002127D0 /* Release */ = {
			isa = XCBuildConfiguration;
			buildSettings = {
				ALWAYS_SEARCH_USER_PATHS = NO;
				CLANG_CXX_LANGUAGE_STANDARD = "gnu++0x";
				CLANG_CXX_LIBRARY = "libc++";
				CLANG_ENABLE_MODULES = YES;
				CLANG_ENABLE_OBJC_ARC = YES;
				CLANG_WARN_BOOL_CONVERSION = YES;
				CLANG_WARN_CONSTANT_CONVERSION = YES;
				CLANG_WARN_DIRECT_OBJC_ISA_USAGE = YES_ERROR;
				CLANG_WARN_EMPTY_BODY = YES;
				CLANG_WARN_ENUM_CONVERSION = YES;
				CLANG_WARN_INT_CONVERSION = YES;
				CLANG_WARN_OBJC_ROOT_CLASS = YES_ERROR;
				CLANG_WARN_UNREACHABLE_CODE = YES;
				CLANG_WARN__DUPLICATE_METHOD_MATCH = YES;
				"CODE_SIGN_IDENTITY[sdk=iphoneos*]" = "iPhone Developer";
				COPY_PHASE_STRIP = YES;
				ENABLE_NS_ASSERTIONS = NO;
				ENABLE_STRICT_OBJC_MSGSEND = YES;
				GCC_C_LANGUAGE_STANDARD = gnu99;
				GCC_WARN_64_TO_32_BIT_CONVERSION = YES;
				GCC_WARN_ABOUT_RETURN_TYPE = YES_ERROR;
				GCC_WARN_UNDECLARED_SELECTOR = YES;
				GCC_WARN_UNINITIALIZED_AUTOS = YES_AGGRESSIVE;
				GCC_WARN_UNUSED_FUNCTION = YES;
				GCC_WARN_UNUSED_VARIABLE = YES;
				IPHONEOS_DEPLOYMENT_TARGET = 8.0;
				MTL_ENABLE_DEBUG_INFO = NO;
				SDKROOT = iphoneos;
				VALIDATE_PRODUCT = YES;
			};
			name = Release;
		};
		4A27D49C1BB93DA7002127D0 /* Debug */ = {
			isa = XCBuildConfiguration;
			buildSettings = {
				ASSETCATALOG_COMPILER_APPICON_NAME = AppIcon;
				INFOPLIST_FILE = "level4Assignment1(AddToCart)/Info.plist";
				LD_RUNPATH_SEARCH_PATHS = "$(inherited) @executable_path/Frameworks";
				PRODUCT_NAME = "$(TARGET_NAME)";
			};
			name = Debug;
		};
		4A27D49D1BB93DA7002127D0 /* Release */ = {
			isa = XCBuildConfiguration;
			buildSettings = {
				ASSETCATALOG_COMPILER_APPICON_NAME = AppIcon;
				INFOPLIST_FILE = "level4Assignment1(AddToCart)/Info.plist";
				LD_RUNPATH_SEARCH_PATHS = "$(inherited) @executable_path/Frameworks";
				PRODUCT_NAME = "$(TARGET_NAME)";
			};
			name = Release;
		};
		4A27D49F1BB93DA7002127D0 /* Debug */ = {
			isa = XCBuildConfiguration;
			buildSettings = {
				BUNDLE_LOADER = "$(TEST_HOST)";
				FRAMEWORK_SEARCH_PATHS = (
					"$(SDKROOT)/Developer/Library/Frameworks",
					"$(inherited)",
				);
				GCC_PREPROCESSOR_DEFINITIONS = (
					"DEBUG=1",
					"$(inherited)",
				);
				INFOPLIST_FILE = "level4Assignment1(AddToCart)Tests/Info.plist";
				LD_RUNPATH_SEARCH_PATHS = "$(inherited) @executable_path/Frameworks @loader_path/Frameworks";
				PRODUCT_NAME = "$(TARGET_NAME)";
				TEST_HOST = "$(BUILT_PRODUCTS_DIR)/level4Assignment1(AddToCart).app/level4Assignment1(AddToCart)";
			};
			name = Debug;
		};
		4A27D4A01BB93DA7002127D0 /* Release */ = {
			isa = XCBuildConfiguration;
			buildSettings = {
				BUNDLE_LOADER = "$(TEST_HOST)";
				FRAMEWORK_SEARCH_PATHS = (
					"$(SDKROOT)/Developer/Library/Frameworks",
					"$(inherited)",
				);
				INFOPLIST_FILE = "level4Assignment1(AddToCart)Tests/Info.plist";
				LD_RUNPATH_SEARCH_PATHS = "$(inherited) @executable_path/Frameworks @loader_path/Frameworks";
				PRODUCT_NAME = "$(TARGET_NAME)";
				TEST_HOST = "$(BUILT_PRODUCTS_DIR)/level4Assignment1(AddToCart).app/level4Assignment1(AddToCart)";
			};
			name = Release;
		};
/* End XCBuildConfiguration section */

/* Begin XCConfigurationList section */
		4A27D4731BB93DA7002127D0 /* Build configuration list for PBXProject "level4Assignment1(AddToCart)" */ = {
			isa = XCConfigurationList;
			buildConfigurations = (
				4A27D4991BB93DA7002127D0 /* Debug */,
				4A27D49A1BB93DA7002127D0 /* Release */,
			);
			defaultConfigurationIsVisible = 0;
			defaultConfigurationName = Release;
		};
		4A27D49B1BB93DA7002127D0 /* Build configuration list for PBXNativeTarget "level4Assignment1(AddToCart)" */ = {
			isa = XCConfigurationList;
			buildConfigurations = (
				4A27D49C1BB93DA7002127D0 /* Debug */,
				4A27D49D1BB93DA7002127D0 /* Release */,
			);
			defaultConfigurationIsVisible = 0;
			defaultConfigurationName = Release;
		};
		4A27D49E1BB93DA7002127D0 /* Build configuration list for PBXNativeTarget "level4Assignment1(AddToCart)Tests" */ = {
			isa = XCConfigurationList;
			buildConfigurations = (
				4A27D49F1BB93DA7002127D0 /* Debug */,
				4A27D4A01BB93DA7002127D0 /* Release */,
			);
			defaultConfigurationIsVisible = 0;
			defaultConfigurationName = Release;
		};
/* End XCConfigurationList section */
	};
	rootObject = 4A27D4701BB93DA7002127D0 /* Project object */;
}
